<?xml version="1.0" encoding="UTF-8"?>
<!DOCTYPE plist PUBLIC "-//Apple//DTD PLIST 1.0//EN" "http://www.apple.com/DTDs/PropertyList-1.0.dtd">
<plist version="1.0">
<dict>
	<key>archiveVersion</key>
	<string>1</string>
	<key>classes</key>
	<dict/>
	<key>objectVersion</key>
	<string>46</string>
	<key>objects</key>
	<dict>
		<key>1A301488B60448E3B4C51C84</key>
		<dict>
			<key>buildActionMask</key>
			<string>2147483647</string>
			<key>files</key>
			<array/>
			<key>inputPaths</key>
			<array/>
			<key>isa</key>
			<string>PBXShellScriptBuildPhase</string>
			<key>name</key>
			<string>Copy Pods Resources</string>
			<key>outputPaths</key>
			<array/>
			<key>runOnlyForDeploymentPostprocessing</key>
			<string>0</string>
			<key>shellPath</key>
			<string>/bin/sh</string>
			<key>shellScript</key>
			<string>"${SRCROOT}/Pods/Pods-resources.sh"
</string>
			<key>showEnvVarsInLog</key>
			<string>0</string>
		</dict>
		<key>4B5E31E6188646B1BC2F8EAA</key>
		<dict>
			<key>buildActionMask</key>
			<string>2147483647</string>
			<key>files</key>
			<array/>
			<key>inputPaths</key>
			<array/>
			<key>isa</key>
			<string>PBXShellScriptBuildPhase</string>
			<key>name</key>
			<string>Check Pods Manifest.lock</string>
			<key>outputPaths</key>
			<array/>
			<key>runOnlyForDeploymentPostprocessing</key>
			<string>0</string>
			<key>shellPath</key>
			<string>/bin/sh</string>
			<key>shellScript</key>
			<string>diff "${PODS_ROOT}/../Podfile.lock" "${PODS_ROOT}/Manifest.lock" &gt; /dev/null
if [[ $? != 0 ]] ; then
    cat &lt;&lt; EOM
error: The sandbox is not in sync with the Podfile.lock. Run 'pod install' or update your CocoaPods installation.
EOM
    exit 1
fi
</string>
			<key>showEnvVarsInLog</key>
			<string>0</string>
		</dict>
		<key>532F4D46D446485DBA593DD6</key>
		<dict>
			<key>includeInIndex</key>
			<string>1</string>
			<key>isa</key>
			<string>PBXFileReference</string>
			<key>lastKnownFileType</key>
			<string>text.xcconfig</string>
			<key>name</key>
			<string>Pods.xcconfig</string>
			<key>path</key>
			<string>Pods/Pods.xcconfig</string>
			<key>sourceTree</key>
			<string>&lt;group&gt;</string>
		</dict>
		<key>919F8C10591B4FEC9C29849F</key>
		<dict>
			<key>fileRef</key>
			<string>ECA1429469F24160A189FA16</string>
			<key>isa</key>
			<string>PBXBuildFile</string>
		</dict>
		<key>DB46D07018B0B465005EE9AC</key>
		<dict>
			<key>isa</key>
			<string>PBXFileReference</string>
			<key>lastKnownFileType</key>
			<string>image.png</string>
			<key>path</key>
			<string>30x64.png</string>
			<key>sourceTree</key>
			<string>&lt;group&gt;</string>
		</dict>
		<key>DB46D07118B0B465005EE9AC</key>
		<dict>
			<key>fileRef</key>
			<string>DB46D07018B0B465005EE9AC</string>
			<key>isa</key>
			<string>PBXBuildFile</string>
		</dict>
		<key>DB475CEF18C20E9000458430</key>
		<dict>
			<key>children</key>
			<array/>
			<key>isa</key>
			<string>PBXGroup</string>
			<key>name</key>
			<string>Open source</string>
			<key>sourceTree</key>
			<string>&lt;group&gt;</string>
		</dict>
		<key>DB93B18318A9267F005238B0</key>
		<dict>
			<key>isa</key>
			<string>PBXFileReference</string>
			<key>lastKnownFileType</key>
			<string>wrapper.framework</string>
			<key>name</key>
			<string>QuartzCore.framework</string>
			<key>path</key>
			<string>System/Library/Frameworks/QuartzCore.framework</string>
			<key>sourceTree</key>
			<string>SDKROOT</string>
		</dict>
		<key>DB93B18418A9267F005238B0</key>
		<dict>
			<key>fileRef</key>
			<string>DB93B18318A9267F005238B0</string>
			<key>isa</key>
			<string>PBXBuildFile</string>
		</dict>
		<key>DB93B18518A9C059005238B0</key>
		<dict>
			<key>fileEncoding</key>
			<string>4</string>
			<key>isa</key>
			<string>PBXFileReference</string>
			<key>lastKnownFileType</key>
			<string>sourcecode.c.h</string>
			<key>path</key>
			<string>ColorImageView.h</string>
			<key>sourceTree</key>
			<string>&lt;group&gt;</string>
		</dict>
		<key>DB93B18618A9C059005238B0</key>
		<dict>
			<key>fileEncoding</key>
			<string>4</string>
			<key>isa</key>
			<string>PBXFileReference</string>
			<key>lastKnownFileType</key>
			<string>sourcecode.c.objc</string>
			<key>path</key>
			<string>ColorImageView.m</string>
			<key>sourceTree</key>
			<string>&lt;group&gt;</string>
		</dict>
		<key>DB93B18718A9C059005238B0</key>
		<dict>
			<key>fileRef</key>
			<string>DB93B18618A9C059005238B0</string>
			<key>isa</key>
			<string>PBXBuildFile</string>
		</dict>
		<key>DB93B18818A9D536005238B0</key>
		<dict>
			<key>fileEncoding</key>
			<string>4</string>
			<key>isa</key>
			<string>PBXFileReference</string>
			<key>lastKnownFileType</key>
			<string>sourcecode.c.h</string>
			<key>path</key>
			<string>ColorScrollView.h</string>
			<key>sourceTree</key>
			<string>&lt;group&gt;</string>
		</dict>
		<key>DB93B18918A9D536005238B0</key>
		<dict>
			<key>fileEncoding</key>
			<string>4</string>
			<key>isa</key>
			<string>PBXFileReference</string>
			<key>lastKnownFileType</key>
			<string>sourcecode.c.objc</string>
			<key>path</key>
			<string>ColorScrollView.m</string>
			<key>sourceTree</key>
			<string>&lt;group&gt;</string>
		</dict>
		<key>DB93B18A18A9D536005238B0</key>
		<dict>
			<key>fileRef</key>
			<string>DB93B18918A9D536005238B0</string>
			<key>isa</key>
			<string>PBXBuildFile</string>
		</dict>
		<key>DB93B18B18AA0160005238B0</key>
		<dict>
			<key>fileEncoding</key>
			<string>4</string>
			<key>isa</key>
			<string>PBXFileReference</string>
			<key>lastKnownFileType</key>
			<string>sourcecode.c.h</string>
			<key>path</key>
			<string>ColorEntranceViewController.h</string>
			<key>sourceTree</key>
			<string>&lt;group&gt;</string>
		</dict>
		<key>DB93B18C18AA0160005238B0</key>
		<dict>
			<key>fileEncoding</key>
			<string>4</string>
			<key>isa</key>
			<string>PBXFileReference</string>
			<key>lastKnownFileType</key>
			<string>sourcecode.c.objc</string>
			<key>path</key>
			<string>ColorEntranceViewController.m</string>
			<key>sourceTree</key>
			<string>&lt;group&gt;</string>
		</dict>
		<key>DB93B18D18AA0160005238B0</key>
		<dict>
			<key>fileRef</key>
			<string>DB93B18C18AA0160005238B0</string>
			<key>isa</key>
			<string>PBXBuildFile</string>
		</dict>
		<key>DB93B18E18AA116A005238B0</key>
		<dict>
			<key>children</key>
			<array>
				<string>DBE8C3A718A20F5400E2B304</string>
				<string>DBE8C3A818A20F5400E2B304</string>
				<string>DB93B18B18AA0160005238B0</string>
				<string>DB93B18C18AA0160005238B0</string>
				<string>DB93B19018AA1352005238B0</string>
				<string>DB93B19118AA1352005238B0</string>
			</array>
			<key>isa</key>
			<string>PBXGroup</string>
			<key>name</key>
			<string>Controller</string>
			<key>sourceTree</key>
			<string>&lt;group&gt;</string>
		</dict>
		<key>DB93B18F18AA12A9005238B0</key>
		<dict>
			<key>children</key>
			<array>
				<string>DB93B18818A9D536005238B0</string>
				<string>DB93B18918A9D536005238B0</string>
				<string>DB93B18518A9C059005238B0</string>
				<string>DB93B18618A9C059005238B0</string>
				<string>DB9D3BC918B733210033ACDA</string>
				<string>DB9D3BCA18B733210033ACDA</string>
				<string>DB98544518C5DF5E00A4556E</string>
				<string>DB98544618C5DF5E00A4556E</string>
			</array>
			<key>isa</key>
			<string>PBXGroup</string>
			<key>name</key>
			<string>View</string>
			<key>sourceTree</key>
			<string>&lt;group&gt;</string>
		</dict>
		<key>DB93B19018AA1352005238B0</key>
		<dict>
			<key>fileEncoding</key>
			<string>4</string>
			<key>isa</key>
			<string>PBXFileReference</string>
			<key>lastKnownFileType</key>
			<string>sourcecode.c.h</string>
			<key>path</key>
			<string>ColorRealTimeViewController.h</string>
			<key>sourceTree</key>
			<string>&lt;group&gt;</string>
		</dict>
		<key>DB93B19118AA1352005238B0</key>
		<dict>
			<key>fileEncoding</key>
			<string>4</string>
			<key>isa</key>
			<string>PBXFileReference</string>
			<key>lastKnownFileType</key>
			<string>sourcecode.c.objc</string>
			<key>path</key>
			<string>ColorRealTimeViewController.m</string>
			<key>sourceTree</key>
			<string>&lt;group&gt;</string>
		</dict>
		<key>DB93B19218AA1352005238B0</key>
		<dict>
			<key>fileRef</key>
			<string>DB93B19118AA1352005238B0</string>
			<key>isa</key>
			<string>PBXBuildFile</string>
		</dict>
		<key>DB93B19318AA1ED8005238B0</key>
		<dict>
			<key>isa</key>
			<string>PBXFileReference</string>
			<key>lastKnownFileType</key>
			<string>wrapper.framework</string>
			<key>name</key>
			<string>AVFoundation.framework</string>
			<key>path</key>
			<string>System/Library/Frameworks/AVFoundation.framework</string>
			<key>sourceTree</key>
			<string>SDKROOT</string>
		</dict>
		<key>DB93B19418AA1ED8005238B0</key>
		<dict>
			<key>fileRef</key>
			<string>DB93B19318AA1ED8005238B0</string>
			<key>isa</key>
			<string>PBXBuildFile</string>
		</dict>
		<key>DB98544518C5DF5E00A4556E</key>
		<dict>
			<key>fileEncoding</key>
			<string>4</string>
			<key>isa</key>
			<string>PBXFileReference</string>
			<key>lastKnownFileType</key>
			<string>sourcecode.c.h</string>
			<key>path</key>
			<string>ColorCell.h</string>
			<key>sourceTree</key>
			<string>&lt;group&gt;</string>
		</dict>
		<key>DB98544618C5DF5E00A4556E</key>
		<dict>
			<key>fileEncoding</key>
			<string>4</string>
			<key>isa</key>
			<string>PBXFileReference</string>
			<key>lastKnownFileType</key>
			<string>sourcecode.c.objc</string>
			<key>path</key>
			<string>ColorCell.m</string>
			<key>sourceTree</key>
			<string>&lt;group&gt;</string>
		</dict>
		<key>DB98544718C5DF5E00A4556E</key>
		<dict>
			<key>fileRef</key>
			<string>DB98544618C5DF5E00A4556E</string>
			<key>isa</key>
			<string>PBXBuildFile</string>
		</dict>
		<key>DB98F49C18B34E6400A1F6D4</key>
		<dict>
			<key>isa</key>
			<string>PBXFileReference</string>
			<key>lastKnownFileType</key>
			<string>image.png</string>
			<key>path</key>
			<string>&#38452;&#24433;.png</string>
			<key>sourceTree</key>
			<string>&lt;group&gt;</string>
		</dict>
		<key>DB98F49D18B34E6400A1F6D4</key>
		<dict>
			<key>fileRef</key>
			<string>DB98F49C18B34E6400A1F6D4</string>
			<key>isa</key>
			<string>PBXBuildFile</string>
		</dict>
		<key>DB9907F318CF52C30091E12D</key>
		<dict>
			<key>isa</key>
			<string>PBXFileReference</string>
			<key>lastKnownFileType</key>
			<string>image.png</string>
			<key>path</key>
			<string>&#21015;&#34920;.png</string>
			<key>sourceTree</key>
			<string>&lt;group&gt;</string>
		</dict>
		<key>DB9907F418CF52C30091E12D</key>
		<dict>
			<key>fileRef</key>
			<string>DB9907F318CF52C30091E12D</string>
			<key>isa</key>
			<string>PBXBuildFile</string>
		</dict>
		<key>DB9D172F18ABBF74009963BC</key>
		<dict>
			<key>isa</key>
			<string>PBXFileReference</string>
			<key>lastKnownFileType</key>
			<string>wrapper.framework</string>
			<key>name</key>
			<string>CoreMedia.framework</string>
			<key>path</key>
			<string>System/Library/Frameworks/CoreMedia.framework</string>
			<key>sourceTree</key>
			<string>SDKROOT</string>
		</dict>
		<key>DB9D173018ABBF74009963BC</key>
		<dict>
			<key>fileRef</key>
			<string>DB9D172F18ABBF74009963BC</string>
			<key>isa</key>
			<string>PBXBuildFile</string>
		</dict>
		<key>DB9D173118ABDA34009963BC</key>
		<dict>
			<key>children</key>
			<array>
				<string>DB9D176818ABDA8C009963BC</string>
			</array>
			<key>isa</key>
			<string>PBXGroup</string>
			<key>name</key>
			<string>Image</string>
			<key>path</key>
			<string>ColorPicker</string>
			<key>sourceTree</key>
			<string>&lt;group&gt;</string>
		</dict>
		<key>DB9D176818ABDA8C009963BC</key>
		<dict>
			<key>children</key>
			<array>
				<string>DB9907F318CF52C30091E12D</string>
				<string>DB9D176918ABDA8C009963BC</string>
				<string>DB9D177518ABDA8C009963BC</string>
				<string>DB9D177E18ABDA8C009963BC</string>
			</array>
			<key>isa</key>
			<string>PBXGroup</string>
			<key>path</key>
			<string>ColorP</string>
			<key>sourceTree</key>
			<string>&lt;group&gt;</string>
		</dict>
		<key>DB9D176918ABDA8C009963BC</key>
		<dict>
			<key>children</key>
			<array>
				<string>DBBAB4DF18AC8D8700E5A984</string>
				<string>DB9D176B18ABDA8C009963BC</string>
				<string>DB9D176C18ABDA8C009963BC</string>
				<string>DB9D176D18ABDA8C009963BC</string>
				<string>DB9D176E18ABDA8C009963BC</string>
				<string>DBBAB4D518AC61FB00E5A984</string>
				<string>DBBAB4D618AC61FB00E5A984</string>
				<string>DB9D176F18ABDA8C009963BC</string>
				<string>DB9D177018ABDA8C009963BC</string>
				<string>DB9D177118ABDA8C009963BC</string>
				<string>DB9D177218ABDA8C009963BC</string>
				<string>DBBAB4DD18AC7CBA00E5A984</string>
				<string>DB9D177318ABDA8C009963BC</string>
				<string>DB9D177418ABDA8C009963BC</string>
			</array>
			<key>isa</key>
			<string>PBXGroup</string>
			<key>name</key>
			<string>&#24320;&#22987;&#30028;&#38754;</string>
			<key>path</key>
			<string>01</string>
			<key>sourceTree</key>
			<string>&lt;group&gt;</string>
		</dict>
		<key>DB9D176B18ABDA8C009963BC</key>
		<dict>
			<key>isa</key>
			<string>PBXFileReference</string>
			<key>lastKnownFileType</key>
			<string>image.png</string>
			<key>path</key>
			<string>110x136.png</string>
			<key>sourceTree</key>
			<string>&lt;group&gt;</string>
		</dict>
		<key>DB9D176C18ABDA8C009963BC</key>
		<dict>
			<key>isa</key>
			<string>PBXFileReference</string>
			<key>lastKnownFileType</key>
			<string>image.png</string>
			<key>path</key>
			<string>112x138.png</string>
			<key>sourceTree</key>
			<string>&lt;group&gt;</string>
		</dict>
		<key>DB9D176D18ABDA8C009963BC</key>
		<dict>
			<key>isa</key>
			<string>PBXFileReference</string>
			<key>lastKnownFileType</key>
			<string>image.png</string>
			<key>path</key>
			<string>117x532 B.png</string>
			<key>sourceTree</key>
			<string>&lt;group&gt;</string>
		</dict>
		<key>DB9D176E18ABDA8C009963BC</key>
		<dict>
			<key>isa</key>
			<string>PBXFileReference</string>
			<key>lastKnownFileType</key>
			<string>image.png</string>
			<key>path</key>
			<string>117x532.png</string>
			<key>sourceTree</key>
			<string>&lt;group&gt;</string>
		</dict>
		<key>DB9D176F18ABDA8C009963BC</key>
		<dict>
			<key>isa</key>
			<string>PBXFileReference</string>
			<key>lastKnownFileType</key>
			<string>image.png</string>
			<key>path</key>
			<string>117x638 B.png</string>
			<key>sourceTree</key>
			<string>&lt;group&gt;</string>
		</dict>
		<key>DB9D177018ABDA8C009963BC</key>
		<dict>
			<key>isa</key>
			<string>PBXFileReference</string>
			<key>lastKnownFileType</key>
			<string>image.png</string>
			<key>path</key>
			<string>117x638.png</string>
			<key>sourceTree</key>
			<string>&lt;group&gt;</string>
		</dict>
		<key>DB9D177118ABDA8C009963BC</key>
		<dict>
			<key>isa</key>
			<string>PBXFileReference</string>
			<key>lastKnownFileType</key>
			<string>image.png</string>
			<key>path</key>
			<string>117x744 B.png</string>
			<key>sourceTree</key>
			<string>&lt;group&gt;</string>
		</dict>
		<key>DB9D177218ABDA8C009963BC</key>
		<dict>
			<key>isa</key>
			<string>PBXFileReference</string>
			<key>lastKnownFileType</key>
			<string>image.png</string>
			<key>path</key>
			<string>117x744.png</string>
			<key>sourceTree</key>
			<string>&lt;group&gt;</string>
		</dict>
		<key>DB9D177318ABDA8C009963BC</key>
		<dict>
			<key>isa</key>
			<string>PBXFileReference</string>
			<key>lastKnownFileType</key>
			<string>image.png</string>
			<key>path</key>
			<string>240x248.png</string>
			<key>sourceTree</key>
			<string>&lt;group&gt;</string>
		</dict>
		<key>DB9D177418ABDA8C009963BC</key>
		<dict>
			<key>isa</key>
			<string>PBXFileReference</string>
			<key>lastKnownFileType</key>
			<string>image.png</string>
			<key>path</key>
			<string>320x138.png</string>
			<key>sourceTree</key>
			<string>&lt;group&gt;</string>
		</dict>
		<key>DB9D177518ABDA8C009963BC</key>
		<dict>
			<key>children</key>
			<array>
				<string>DB98F49C18B34E6400A1F6D4</string>
				<string>DB9D177618ABDA8C009963BC</string>
				<string>DB9D177718ABDA8C009963BC</string>
				<string>DBBAB4D318AC61E500E5A984</string>
				<string>DB9D177B18ABDA8C009963BC</string>
				<string>DB46D07018B0B465005EE9AC</string>
				<string>DBBAB4DB18AC6BA600E5A984</string>
				<string>DBBAB4D918AC62DE00E5A984</string>
				<string>DB9D177C18ABDA8C009963BC</string>
				<string>DB9D177D18ABDA8C009963BC</string>
			</array>
			<key>isa</key>
			<string>PBXGroup</string>
			<key>name</key>
			<string>&#21462;&#33394;&#30028;&#38754;</string>
			<key>path</key>
			<string>02</string>
			<key>sourceTree</key>
			<string>&lt;group&gt;</string>
		</dict>
		<key>DB9D177618ABDA8C009963BC</key>
		<dict>
			<key>isa</key>
			<string>PBXFileReference</string>
			<key>lastKnownFileType</key>
			<string>image.png</string>
			<key>path</key>
			<string>00 B.png</string>
			<key>sourceTree</key>
			<string>&lt;group&gt;</string>
		</dict>
		<key>DB9D177718ABDA8C009963BC</key>
		<dict>
			<key>isa</key>
			<string>PBXFileReference</string>
			<key>lastKnownFileType</key>
			<string>image.png</string>
			<key>path</key>
			<string>130x159.png</string>
			<key>sourceTree</key>
			<string>&lt;group&gt;</string>
		</dict>
		<key>DB9D177B18ABDA8C009963BC</key>
		<dict>
			<key>isa</key>
			<string>PBXFileReference</string>
			<key>lastKnownFileType</key>
			<string>image.png</string>
			<key>path</key>
			<string>CP-&#38024;.png</string>
			<key>sourceTree</key>
			<string>&lt;group&gt;</string>
		</dict>
		<key>DB9D177C18ABDA8C009963BC</key>
		<dict>
			<key>isa</key>
			<string>PBXFileReference</string>
			<key>lastKnownFileType</key>
			<string>image.png</string>
			<key>path</key>
			<string>y 148@2x.png</string>
			<key>sourceTree</key>
			<string>&lt;group&gt;</string>
		</dict>
		<key>DB9D177D18ABDA8C009963BC</key>
		<dict>
			<key>isa</key>
			<string>PBXFileReference</string>
			<key>lastKnownFileType</key>
			<string>image.png</string>
			<key>path</key>
			<string>&#25968;&#23383;&#20301;&#32622;.png</string>
			<key>sourceTree</key>
			<string>&lt;group&gt;</string>
		</dict>
		<key>DB9D177E18ABDA8C009963BC</key>
		<dict>
			<key>children</key>
			<array>
				<string>DB9D177F18ABDA8C009963BC</string>
				<string>DB9D178018ABDA8C009963BC</string>
				<string>DB9D178118ABDA8C009963BC</string>
				<string>DB9D178218ABDA8C009963BC</string>
				<string>DB9D178318ABDA8C009963BC</string>
				<string>DB9D178418ABDA8C009963BC</string>
			</array>
			<key>isa</key>
			<string>PBXGroup</string>
			<key>name</key>
			<string>icon</string>
			<key>path</key>
			<string>&#25928;&#26524;&#22270;</string>
			<key>sourceTree</key>
			<string>&lt;group&gt;</string>
		</dict>
		<key>DB9D177F18ABDA8C009963BC</key>
		<dict>
			<key>isa</key>
			<string>PBXFileReference</string>
			<key>lastKnownFileType</key>
			<string>image.png</string>
			<key>path</key>
			<string>120.png</string>
			<key>sourceTree</key>
			<string>&lt;group&gt;</string>
		</dict>
		<key>DB9D178018ABDA8C009963BC</key>
		<dict>
			<key>isa</key>
			<string>PBXFileReference</string>
			<key>lastKnownFileType</key>
			<string>image.png</string>
			<key>path</key>
			<string>58.png</string>
			<key>sourceTree</key>
			<string>&lt;group&gt;</string>
		</dict>
		<key>DB9D178118ABDA8C009963BC</key>
		<dict>
			<key>isa</key>
			<string>PBXFileReference</string>
			<key>lastKnownFileType</key>
			<string>image.png</string>
			<key>path</key>
			<string>80.png</string>
			<key>sourceTree</key>
			<string>&lt;group&gt;</string>
		</dict>
		<key>DB9D178218ABDA8C009963BC</key>
		<dict>
			<key>isa</key>
			<string>PBXFileReference</string>
			<key>lastKnownFileType</key>
			<string>image.png</string>
			<key>path</key>
			<string>CP-Icon1.png</string>
			<key>sourceTree</key>
			<string>&lt;group&gt;</string>
		</dict>
		<key>DB9D178318ABDA8C009963BC</key>
		<dict>
			<key>isa</key>
			<string>PBXFileReference</string>
			<key>lastKnownFileType</key>
			<string>image.png</string>
			<key>path</key>
			<string>CP1.png</string>
			<key>sourceTree</key>
			<string>&lt;group&gt;</string>
		</dict>
		<key>DB9D178418ABDA8C009963BC</key>
		<dict>
			<key>isa</key>
			<string>PBXFileReference</string>
			<key>lastKnownFileType</key>
			<string>image.png</string>
			<key>path</key>
			<string>CP1111.png</string>
			<key>sourceTree</key>
			<string>&lt;group&gt;</string>
		</dict>
		<key>DB9D178618ABDA8D009963BC</key>
		<dict>
			<key>fileRef</key>
			<string>DB9D176B18ABDA8C009963BC</string>
			<key>isa</key>
			<string>PBXBuildFile</string>
		</dict>
		<key>DB9D178718ABDA8D009963BC</key>
		<dict>
			<key>fileRef</key>
			<string>DB9D176C18ABDA8C009963BC</string>
			<key>isa</key>
			<string>PBXBuildFile</string>
		</dict>
		<key>DB9D178818ABDA8D009963BC</key>
		<dict>
			<key>fileRef</key>
			<string>DB9D176D18ABDA8C009963BC</string>
			<key>isa</key>
			<string>PBXBuildFile</string>
		</dict>
		<key>DB9D178918ABDA8D009963BC</key>
		<dict>
			<key>fileRef</key>
			<string>DB9D176E18ABDA8C009963BC</string>
			<key>isa</key>
			<string>PBXBuildFile</string>
		</dict>
		<key>DB9D178A18ABDA8D009963BC</key>
		<dict>
			<key>fileRef</key>
			<string>DB9D176F18ABDA8C009963BC</string>
			<key>isa</key>
			<string>PBXBuildFile</string>
		</dict>
		<key>DB9D178B18ABDA8D009963BC</key>
		<dict>
			<key>fileRef</key>
			<string>DB9D177018ABDA8C009963BC</string>
			<key>isa</key>
			<string>PBXBuildFile</string>
		</dict>
		<key>DB9D178C18ABDA8D009963BC</key>
		<dict>
			<key>fileRef</key>
			<string>DB9D177118ABDA8C009963BC</string>
			<key>isa</key>
			<string>PBXBuildFile</string>
		</dict>
		<key>DB9D178D18ABDA8D009963BC</key>
		<dict>
			<key>fileRef</key>
			<string>DB9D177218ABDA8C009963BC</string>
			<key>isa</key>
			<string>PBXBuildFile</string>
		</dict>
		<key>DB9D178E18ABDA8D009963BC</key>
		<dict>
			<key>fileRef</key>
			<string>DB9D177318ABDA8C009963BC</string>
			<key>isa</key>
			<string>PBXBuildFile</string>
		</dict>
		<key>DB9D178F18ABDA8D009963BC</key>
		<dict>
			<key>fileRef</key>
			<string>DB9D177418ABDA8C009963BC</string>
			<key>isa</key>
			<string>PBXBuildFile</string>
		</dict>
		<key>DB9D179018ABDA8D009963BC</key>
		<dict>
			<key>fileRef</key>
			<string>DB9D177618ABDA8C009963BC</string>
			<key>isa</key>
			<string>PBXBuildFile</string>
		</dict>
		<key>DB9D179118ABDA8D009963BC</key>
		<dict>
			<key>fileRef</key>
			<string>DB9D177718ABDA8C009963BC</string>
			<key>isa</key>
			<string>PBXBuildFile</string>
		</dict>
		<key>DB9D179518ABDA8D009963BC</key>
		<dict>
			<key>fileRef</key>
			<string>DB9D177B18ABDA8C009963BC</string>
			<key>isa</key>
			<string>PBXBuildFile</string>
		</dict>
		<key>DB9D179618ABDA8D009963BC</key>
		<dict>
			<key>fileRef</key>
			<string>DB9D177C18ABDA8C009963BC</string>
			<key>isa</key>
			<string>PBXBuildFile</string>
		</dict>
		<key>DB9D179718ABDA8D009963BC</key>
		<dict>
			<key>fileRef</key>
			<string>DB9D177D18ABDA8C009963BC</string>
			<key>isa</key>
			<string>PBXBuildFile</string>
		</dict>
		<key>DB9D179818ABDA8D009963BC</key>
		<dict>
			<key>fileRef</key>
			<string>DB9D177F18ABDA8C009963BC</string>
			<key>isa</key>
			<string>PBXBuildFile</string>
		</dict>
		<key>DB9D179918ABDA8D009963BC</key>
		<dict>
			<key>fileRef</key>
			<string>DB9D178018ABDA8C009963BC</string>
			<key>isa</key>
			<string>PBXBuildFile</string>
		</dict>
		<key>DB9D179A18ABDA8D009963BC</key>
		<dict>
			<key>fileRef</key>
			<string>DB9D178118ABDA8C009963BC</string>
			<key>isa</key>
			<string>PBXBuildFile</string>
		</dict>
		<key>DB9D179B18ABDA8D009963BC</key>
		<dict>
			<key>fileRef</key>
			<string>DB9D178218ABDA8C009963BC</string>
			<key>isa</key>
			<string>PBXBuildFile</string>
		</dict>
		<key>DB9D179C18ABDA8D009963BC</key>
		<dict>
			<key>fileRef</key>
			<string>DB9D178318ABDA8C009963BC</string>
			<key>isa</key>
			<string>PBXBuildFile</string>
		</dict>
		<key>DB9D179D18ABDA8D009963BC</key>
		<dict>
			<key>fileRef</key>
			<string>DB9D178418ABDA8C009963BC</string>
			<key>isa</key>
			<string>PBXBuildFile</string>
		</dict>
		<key>DB9D3BC918B733210033ACDA</key>
		<dict>
			<key>fileEncoding</key>
			<string>4</string>
			<key>isa</key>
			<string>PBXFileReference</string>
			<key>lastKnownFileType</key>
			<string>sourcecode.c.h</string>
			<key>path</key>
			<string>ColorPickerImageView.h</string>
			<key>sourceTree</key>
			<string>&lt;group&gt;</string>
		</dict>
		<key>DB9D3BCA18B733210033ACDA</key>
		<dict>
			<key>fileEncoding</key>
			<string>4</string>
			<key>isa</key>
			<string>PBXFileReference</string>
			<key>lastKnownFileType</key>
			<string>sourcecode.c.objc</string>
			<key>path</key>
			<string>ColorPickerImageView.m</string>
			<key>sourceTree</key>
			<string>&lt;group&gt;</string>
		</dict>
		<key>DB9D3BCB18B733210033ACDA</key>
		<dict>
			<key>fileRef</key>
			<string>DB9D3BCA18B733210033ACDA</string>
			<key>isa</key>
			<string>PBXBuildFile</string>
		</dict>
		<key>DBBAB4D318AC61E500E5A984</key>
		<dict>
			<key>isa</key>
			<string>PBXFileReference</string>
			<key>lastKnownFileType</key>
			<string>image.png</string>
			<key>path</key>
			<string>42x793.png</string>
			<key>sourceTree</key>
			<string>&lt;group&gt;</string>
		</dict>
		<key>DBBAB4D418AC61E500E5A984</key>
		<dict>
			<key>fileRef</key>
			<string>DBBAB4D318AC61E500E5A984</string>
			<key>isa</key>
			<string>PBXBuildFile</string>
		</dict>
		<key>DBBAB4D518AC61FB00E5A984</key>
		<dict>
			<key>isa</key>
			<string>PBXFileReference</string>
			<key>lastKnownFileType</key>
			<string>image.png</string>
			<key>path</key>
			<string>320x138 B.png</string>
			<key>sourceTree</key>
			<string>&lt;group&gt;</string>
		</dict>
		<key>DBBAB4D618AC61FB00E5A984</key>
		<dict>
			<key>isa</key>
			<string>PBXFileReference</string>
			<key>lastKnownFileType</key>
			<string>image.png</string>
			<key>path</key>
			<string>112x138 B.png</string>
			<key>sourceTree</key>
			<string>&lt;group&gt;</string>
		</dict>
		<key>DBBAB4D718AC61FB00E5A984</key>
		<dict>
			<key>fileRef</key>
			<string>DBBAB4D518AC61FB00E5A984</string>
			<key>isa</key>
			<string>PBXBuildFile</string>
		</dict>
		<key>DBBAB4D818AC61FB00E5A984</key>
		<dict>
			<key>fileRef</key>
			<string>DBBAB4D618AC61FB00E5A984</string>
			<key>isa</key>
			<string>PBXBuildFile</string>
		</dict>
		<key>DBBAB4D918AC62DE00E5A984</key>
		<dict>
			<key>isa</key>
			<string>PBXFileReference</string>
			<key>lastKnownFileType</key>
			<string>image.png</string>
			<key>path</key>
			<string>y 148.png</string>
			<key>sourceTree</key>
			<string>&lt;group&gt;</string>
		</dict>
		<key>DBBAB4DA18AC62DE00E5A984</key>
		<dict>
			<key>fileRef</key>
			<string>DBBAB4D918AC62DE00E5A984</string>
			<key>isa</key>
			<string>PBXBuildFile</string>
		</dict>
		<key>DBBAB4DB18AC6BA600E5A984</key>
		<dict>
			<key>isa</key>
			<string>PBXFileReference</string>
			<key>lastKnownFileType</key>
			<string>image.png</string>
			<key>path</key>
			<string>196x793.png</string>
			<key>sourceTree</key>
			<string>&lt;group&gt;</string>
		</dict>
		<key>DBBAB4DC18AC6BA600E5A984</key>
		<dict>
			<key>fileRef</key>
			<string>DBBAB4DB18AC6BA600E5A984</string>
			<key>isa</key>
			<string>PBXBuildFile</string>
		</dict>
		<key>DBBAB4DD18AC7CBA00E5A984</key>
		<dict>
			<key>isa</key>
			<string>PBXFileReference</string>
			<key>lastKnownFileType</key>
			<string>image.png</string>
			<key>path</key>
			<string>152.png</string>
			<key>sourceTree</key>
			<string>&lt;group&gt;</string>
		</dict>
		<key>DBBAB4DE18AC7CBA00E5A984</key>
		<dict>
			<key>fileRef</key>
			<string>DBBAB4DD18AC7CBA00E5A984</string>
			<key>isa</key>
			<string>PBXBuildFile</string>
		</dict>
		<key>DBBAB4DF18AC8D8700E5A984</key>
		<dict>
			<key>isa</key>
			<string>PBXFileReference</string>
			<key>lastKnownFileType</key>
			<string>image.png</string>
			<key>path</key>
			<string>00.png</string>
			<key>sourceTree</key>
			<string>&lt;group&gt;</string>
		</dict>
		<key>DBBAB4E018AC8D8700E5A984</key>
		<dict>
			<key>fileRef</key>
			<string>DBBAB4DF18AC8D8700E5A984</string>
			<key>isa</key>
			<string>PBXBuildFile</string>
		</dict>
		<key>DBE8C38618A20F5400E2B304</key>
		<dict>
			<key>children</key>
			<array>
				<string>DB475CEF18C20E9000458430</string>
				<string>DB9D173118ABDA34009963BC</string>
				<string>DBE8C39818A20F5400E2B304</string>
				<string>DBE8C3B718A20F5400E2B304</string>
				<string>DBE8C39118A20F5400E2B304</string>
				<string>DBE8C39018A20F5400E2B304</string>
				<string>532F4D46D446485DBA593DD6</string>
			</array>
			<key>isa</key>
			<string>PBXGroup</string>
			<key>sourceTree</key>
			<string>&lt;group&gt;</string>
		</dict>
		<key>DBE8C38718A20F5400E2B304</key>
		<dict>
			<key>attributes</key>
			<dict>
				<key>CLASSPREFIX</key>
				<string>Color</string>
				<key>LastUpgradeCheck</key>
				<string>0500</string>
				<key>ORGANIZATIONNAME</key>
				<string>Mango</string>
				<key>TargetAttributes</key>
				<dict>
					<key>DBE8C3AF18A20F5400E2B304</key>
					<dict>
						<key>TestTargetID</key>
						<string>DBE8C38E18A20F5400E2B304</string>
					</dict>
				</dict>
			</dict>
			<key>buildConfigurationList</key>
			<string>DBE8C38A18A20F5400E2B304</string>
			<key>compatibilityVersion</key>
			<string>Xcode 3.2</string>
			<key>developmentRegion</key>
			<string>English</string>
			<key>hasScannedForEncodings</key>
			<string>0</string>
			<key>isa</key>
			<string>PBXProject</string>
			<key>knownRegions</key>
			<array>
				<string>en</string>
				<string>Base</string>
			</array>
			<key>mainGroup</key>
			<string>DBE8C38618A20F5400E2B304</string>
			<key>productRefGroup</key>
			<string>DBE8C39018A20F5400E2B304</string>
			<key>projectDirPath</key>
			<string></string>
			<key>projectReferences</key>
			<array/>
			<key>projectRoot</key>
			<string></string>
			<key>targets</key>
			<array>
				<string>DBE8C38E18A20F5400E2B304</string>
				<string>DBE8C3AF18A20F5400E2B304</string>
			</array>
		</dict>
		<key>DBE8C38A18A20F5400E2B304</key>
		<dict>
			<key>buildConfigurations</key>
			<array>
				<string>DBE8C3BF18A20F5400E2B304</string>
				<string>DBE8C3C018A20F5400E2B304</string>
			</array>
			<key>defaultConfigurationIsVisible</key>
			<string>0</string>
			<key>defaultConfigurationName</key>
			<string>Release</string>
			<key>isa</key>
			<string>XCConfigurationList</string>
		</dict>
		<key>DBE8C38B18A20F5400E2B304</key>
		<dict>
			<key>buildActionMask</key>
			<string>2147483647</string>
			<key>files</key>
			<array>
				<string>DB93B18718A9C059005238B0</string>
				<string>DBE8C3A318A20F5400E2B304</string>
				<string>DB93B18D18AA0160005238B0</string>
				<string>DBE8C39F18A20F5400E2B304</string>
				<string>DB98544718C5DF5E00A4556E</string>
				<string>DB9D3BCB18B733210033ACDA</string>
				<string>DBE8C3A918A20F5400E2B304</string>
				<string>DB93B18A18A9D536005238B0</string>
				<string>DB93B19218AA1352005238B0</string>
			</array>
			<key>isa</key>
			<string>PBXSourcesBuildPhase</string>
			<key>runOnlyForDeploymentPostprocessing</key>
			<string>0</string>
		</dict>
		<key>DBE8C38C18A20F5400E2B304</key>
		<dict>
			<key>buildActionMask</key>
			<string>2147483647</string>
			<key>files</key>
			<array>
				<string>DB9D173018ABBF74009963BC</string>
				<string>DB93B19418AA1ED8005238B0</string>
				<string>DB93B18418A9267F005238B0</string>
				<string>DBE8C39518A20F5400E2B304</string>
				<string>DBE8C39718A20F5400E2B304</string>
				<string>DBE8C39318A20F5400E2B304</string>
				<string>919F8C10591B4FEC9C29849F</string>
			</array>
			<key>isa</key>
			<string>PBXFrameworksBuildPhase</string>
			<key>runOnlyForDeploymentPostprocessing</key>
			<string>0</string>
		</dict>
		<key>DBE8C38D18A20F5400E2B304</key>
		<dict>
			<key>buildActionMask</key>
			<string>2147483647</string>
			<key>files</key>
			<array>
				<string>DB9D179D18ABDA8D009963BC</string>
				<string>DB9D179818ABDA8D009963BC</string>
				<string>DB9D179B18ABDA8D009963BC</string>
				<string>DBBAB4D418AC61E500E5A984</string>
				<string>DB9D179618ABDA8D009963BC</string>
				<string>DBBAB4D818AC61FB00E5A984</string>
				<string>DB9D179C18ABDA8D009963BC</string>
				<string>DB9D179718ABDA8D009963BC</string>
				<string>DB9D178B18ABDA8D009963BC</string>
				<string>DB9D178C18ABDA8D009963BC</string>
				<string>DB9D178618ABDA8D009963BC</string>
				<string>DB9D179518ABDA8D009963BC</string>
				<string>DB9D178718ABDA8D009963BC</string>
				<string>DB9D178918ABDA8D009963BC</string>
				<string>DBBAB4E018AC8D8700E5A984</string>
				<string>DBBAB4DE18AC7CBA00E5A984</string>
				<string>DBE8C3AB18A20F5400E2B304</string>
				<string>DB9D178E18ABDA8D009963BC</string>
				<string>DB9907F418CF52C30091E12D</string>
				<string>DB9D179A18ABDA8D009963BC</string>
				<string>DB9D179918ABDA8D009963BC</string>
				<string>DBBAB4DA18AC62DE00E5A984</string>
				<string>DB9D178A18ABDA8D009963BC</string>
				<string>DB9D179018ABDA8D009963BC</string>
				<string>DB9D179118ABDA8D009963BC</string>
				<string>DBBAB4D718AC61FB00E5A984</string>
				<string>DB9D178818ABDA8D009963BC</string>
				<string>DB46D07118B0B465005EE9AC</string>
				<string>DB9D178F18ABDA8D009963BC</string>
				<string>DB9D178D18ABDA8D009963BC</string>
				<string>DBE8C39D18A20F5400E2B304</string>
				<string>DB98F49D18B34E6400A1F6D4</string>
				<string>DBBAB4DC18AC6BA600E5A984</string>
			</array>
			<key>isa</key>
			<string>PBXResourcesBuildPhase</string>
			<key>runOnlyForDeploymentPostprocessing</key>
			<string>0</string>
		</dict>
		<key>DBE8C38E18A20F5400E2B304</key>
		<dict>
			<key>buildConfigurationList</key>
			<string>DBE8C3C118A20F5400E2B304</string>
			<key>buildPhases</key>
			<array>
				<string>4B5E31E6188646B1BC2F8EAA</string>
				<string>DBE8C38B18A20F5400E2B304</string>
				<string>DBE8C38C18A20F5400E2B304</string>
				<string>DBE8C38D18A20F5400E2B304</string>
				<string>1A301488B60448E3B4C51C84</string>
			</array>
			<key>buildRules</key>
			<array/>
			<key>dependencies</key>
			<array/>
			<key>isa</key>
			<string>PBXNativeTarget</string>
			<key>name</key>
			<string>ColorPicker</string>
			<key>productName</key>
			<string>ColorPicker</string>
			<key>productReference</key>
			<string>DBE8C38F18A20F5400E2B304</string>
			<key>productType</key>
			<string>com.apple.product-type.application</string>
		</dict>
		<key>DBE8C38F18A20F5400E2B304</key>
		<dict>
			<key>explicitFileType</key>
			<string>wrapper.application</string>
			<key>includeInIndex</key>
			<string>0</string>
			<key>isa</key>
			<string>PBXFileReference</string>
			<key>path</key>
			<string>ColorPicker.app</string>
			<key>sourceTree</key>
			<string>BUILT_PRODUCTS_DIR</string>
		</dict>
		<key>DBE8C39018A20F5400E2B304</key>
		<dict>
			<key>children</key>
			<array>
				<string>DBE8C38F18A20F5400E2B304</string>
				<string>DBE8C3B018A20F5400E2B304</string>
			</array>
			<key>isa</key>
			<string>PBXGroup</string>
			<key>name</key>
			<string>Products</string>
			<key>sourceTree</key>
			<string>&lt;group&gt;</string>
		</dict>
		<key>DBE8C39118A20F5400E2B304</key>
		<dict>
			<key>children</key>
			<array>
				<string>DB9D172F18ABBF74009963BC</string>
				<string>DB93B19318AA1ED8005238B0</string>
				<string>DB93B18318A9267F005238B0</string>
				<string>DBE8C39218A20F5400E2B304</string>
				<string>DBE8C39418A20F5400E2B304</string>
				<string>DBE8C39618A20F5400E2B304</string>
				<string>DBE8C3B118A20F5400E2B304</string>
				<string>ECA1429469F24160A189FA16</string>
			</array>
			<key>isa</key>
			<string>PBXGroup</string>
			<key>name</key>
			<string>Frameworks</string>
			<key>sourceTree</key>
			<string>&lt;group&gt;</string>
		</dict>
		<key>DBE8C39218A20F5400E2B304</key>
		<dict>
			<key>isa</key>
			<string>PBXFileReference</string>
			<key>lastKnownFileType</key>
			<string>wrapper.framework</string>
			<key>name</key>
			<string>Foundation.framework</string>
			<key>path</key>
			<string>System/Library/Frameworks/Foundation.framework</string>
			<key>sourceTree</key>
			<string>SDKROOT</string>
		</dict>
		<key>DBE8C39318A20F5400E2B304</key>
		<dict>
			<key>fileRef</key>
			<string>DBE8C39218A20F5400E2B304</string>
			<key>isa</key>
			<string>PBXBuildFile</string>
		</dict>
		<key>DBE8C39418A20F5400E2B304</key>
		<dict>
			<key>isa</key>
			<string>PBXFileReference</string>
			<key>lastKnownFileType</key>
			<string>wrapper.framework</string>
			<key>name</key>
			<string>CoreGraphics.framework</string>
			<key>path</key>
			<string>System/Library/Frameworks/CoreGraphics.framework</string>
			<key>sourceTree</key>
			<string>SDKROOT</string>
		</dict>
		<key>DBE8C39518A20F5400E2B304</key>
		<dict>
			<key>fileRef</key>
			<string>DBE8C39418A20F5400E2B304</string>
			<key>isa</key>
			<string>PBXBuildFile</string>
		</dict>
		<key>DBE8C39618A20F5400E2B304</key>
		<dict>
			<key>isa</key>
			<string>PBXFileReference</string>
			<key>lastKnownFileType</key>
			<string>wrapper.framework</string>
			<key>name</key>
			<string>UIKit.framework</string>
			<key>path</key>
			<string>System/Library/Frameworks/UIKit.framework</string>
			<key>sourceTree</key>
			<string>SDKROOT</string>
		</dict>
		<key>DBE8C39718A20F5400E2B304</key>
		<dict>
			<key>fileRef</key>
			<string>DBE8C39618A20F5400E2B304</string>
			<key>isa</key>
			<string>PBXBuildFile</string>
		</dict>
		<key>DBE8C39818A20F5400E2B304</key>
		<dict>
			<key>children</key>
			<array>
				<string>DBE8C3A118A20F5400E2B304</string>
				<string>DBE8C3A218A20F5400E2B304</string>
				<string>DB93B18E18AA116A005238B0</string>
				<string>DB93B18F18AA12A9005238B0</string>
				<string>DBE8C3AA18A20F5400E2B304</string>
				<string>DBE8C39918A20F5400E2B304</string>
			</array>
			<key>isa</key>
			<string>PBXGroup</string>
			<key>path</key>
			<string>ColorPicker</string>
			<key>sourceTree</key>
			<string>&lt;group&gt;</string>
		</dict>
		<key>DBE8C39918A20F5400E2B304</key>
		<dict>
			<key>children</key>
			<array>
				<string>DBE8C39A18A20F5400E2B304</string>
				<string>DBE8C39B18A20F5400E2B304</string>
				<string>DBE8C39E18A20F5400E2B304</string>
				<string>DBE8C3A018A20F5400E2B304</string>
			</array>
			<key>isa</key>
			<string>PBXGroup</string>
			<key>name</key>
			<string>Supporting Files</string>
			<key>sourceTree</key>
			<string>&lt;group&gt;</string>
		</dict>
		<key>DBE8C39A18A20F5400E2B304</key>
		<dict>
			<key>isa</key>
			<string>PBXFileReference</string>
			<key>lastKnownFileType</key>
			<string>text.plist.xml</string>
			<key>path</key>
			<string>ColorPicker-Info.plist</string>
			<key>sourceTree</key>
			<string>&lt;group&gt;</string>
		</dict>
		<key>DBE8C39B18A20F5400E2B304</key>
		<dict>
			<key>children</key>
			<array>
				<string>DBE8C39C18A20F5400E2B304</string>
			</array>
			<key>isa</key>
			<string>PBXVariantGroup</string>
			<key>name</key>
			<string>InfoPlist.strings</string>
			<key>sourceTree</key>
			<string>&lt;group&gt;</string>
		</dict>
		<key>DBE8C39C18A20F5400E2B304</key>
		<dict>
			<key>isa</key>
			<string>PBXFileReference</string>
			<key>lastKnownFileType</key>
			<string>text.plist.strings</string>
			<key>name</key>
			<string>en</string>
			<key>path</key>
			<string>en.lproj/InfoPlist.strings</string>
			<key>sourceTree</key>
			<string>&lt;group&gt;</string>
		</dict>
		<key>DBE8C39D18A20F5400E2B304</key>
		<dict>
			<key>fileRef</key>
			<string>DBE8C39B18A20F5400E2B304</string>
			<key>isa</key>
			<string>PBXBuildFile</string>
		</dict>
		<key>DBE8C39E18A20F5400E2B304</key>
		<dict>
			<key>isa</key>
			<string>PBXFileReference</string>
			<key>lastKnownFileType</key>
			<string>sourcecode.c.objc</string>
			<key>path</key>
			<string>main.m</string>
			<key>sourceTree</key>
			<string>&lt;group&gt;</string>
		</dict>
		<key>DBE8C39F18A20F5400E2B304</key>
		<dict>
			<key>fileRef</key>
			<string>DBE8C39E18A20F5400E2B304</string>
			<key>isa</key>
			<string>PBXBuildFile</string>
		</dict>
		<key>DBE8C3A018A20F5400E2B304</key>
		<dict>
			<key>isa</key>
			<string>PBXFileReference</string>
			<key>lastKnownFileType</key>
			<string>sourcecode.c.h</string>
			<key>path</key>
			<string>ColorPicker-Prefix.pch</string>
			<key>sourceTree</key>
			<string>&lt;group&gt;</string>
		</dict>
		<key>DBE8C3A118A20F5400E2B304</key>
		<dict>
			<key>isa</key>
			<string>PBXFileReference</string>
			<key>lastKnownFileType</key>
			<string>sourcecode.c.h</string>
			<key>path</key>
			<string>ColorAppDelegate.h</string>
			<key>sourceTree</key>
			<string>&lt;group&gt;</string>
		</dict>
		<key>DBE8C3A218A20F5400E2B304</key>
		<dict>
			<key>isa</key>
			<string>PBXFileReference</string>
			<key>lastKnownFileType</key>
			<string>sourcecode.c.objc</string>
			<key>path</key>
			<string>ColorAppDelegate.m</string>
			<key>sourceTree</key>
			<string>&lt;group&gt;</string>
		</dict>
		<key>DBE8C3A318A20F5400E2B304</key>
		<dict>
			<key>fileRef</key>
			<string>DBE8C3A218A20F5400E2B304</string>
			<key>isa</key>
			<string>PBXBuildFile</string>
		</dict>
		<key>DBE8C3A718A20F5400E2B304</key>
		<dict>
			<key>isa</key>
			<string>PBXFileReference</string>
			<key>lastKnownFileType</key>
			<string>sourcecode.c.h</string>
			<key>path</key>
			<string>ColorViewController.h</string>
			<key>sourceTree</key>
			<string>&lt;group&gt;</string>
		</dict>
		<key>DBE8C3A818A20F5400E2B304</key>
		<dict>
			<key>isa</key>
			<string>PBXFileReference</string>
			<key>lastKnownFileType</key>
			<string>sourcecode.c.objc</string>
			<key>path</key>
			<string>ColorViewController.m</string>
			<key>sourceTree</key>
			<string>&lt;group&gt;</string>
		</dict>
		<key>DBE8C3A918A20F5400E2B304</key>
		<dict>
			<key>fileRef</key>
			<string>DBE8C3A818A20F5400E2B304</string>
			<key>isa</key>
			<string>PBXBuildFile</string>
		</dict>
		<key>DBE8C3AA18A20F5400E2B304</key>
		<dict>
			<key>isa</key>
			<string>PBXFileReference</string>
			<key>lastKnownFileType</key>
			<string>folder.assetcatalog</string>
			<key>path</key>
			<string>Images.xcassets</string>
			<key>sourceTree</key>
			<string>&lt;group&gt;</string>
		</dict>
		<key>DBE8C3AB18A20F5400E2B304</key>
		<dict>
			<key>fileRef</key>
			<string>DBE8C3AA18A20F5400E2B304</string>
			<key>isa</key>
			<string>PBXBuildFile</string>
		</dict>
		<key>DBE8C3AC18A20F5400E2B304</key>
		<dict>
			<key>buildActionMask</key>
			<string>2147483647</string>
			<key>files</key>
			<array>
				<string>DBE8C3BE18A20F5400E2B304</string>
			</array>
			<key>isa</key>
			<string>PBXSourcesBuildPhase</string>
			<key>runOnlyForDeploymentPostprocessing</key>
			<string>0</string>
		</dict>
		<key>DBE8C3AD18A20F5400E2B304</key>
		<dict>
			<key>buildActionMask</key>
			<string>2147483647</string>
			<key>files</key>
			<array>
				<string>DBE8C3B218A20F5400E2B304</string>
				<string>DBE8C3B418A20F5400E2B304</string>
				<string>DBE8C3B318A20F5400E2B304</string>
			</array>
			<key>isa</key>
			<string>PBXFrameworksBuildPhase</string>
			<key>runOnlyForDeploymentPostprocessing</key>
			<string>0</string>
		</dict>
		<key>DBE8C3AE18A20F5400E2B304</key>
		<dict>
			<key>buildActionMask</key>
			<string>2147483647</string>
			<key>files</key>
			<array>
				<string>DBE8C3BC18A20F5400E2B304</string>
			</array>
			<key>isa</key>
			<string>PBXResourcesBuildPhase</string>
			<key>runOnlyForDeploymentPostprocessing</key>
			<string>0</string>
		</dict>
		<key>DBE8C3AF18A20F5400E2B304</key>
		<dict>
			<key>buildConfigurationList</key>
			<string>DBE8C3C418A20F5400E2B304</string>
			<key>buildPhases</key>
			<array>
				<string>DBE8C3AC18A20F5400E2B304</string>
				<string>DBE8C3AD18A20F5400E2B304</string>
				<string>DBE8C3AE18A20F5400E2B304</string>
			</array>
			<key>buildRules</key>
			<array/>
			<key>dependencies</key>
			<array>
				<string>DBE8C3B618A20F5400E2B304</string>
			</array>
			<key>isa</key>
			<string>PBXNativeTarget</string>
			<key>name</key>
			<string>ColorPickerTests</string>
			<key>productName</key>
			<string>ColorPickerTests</string>
			<key>productReference</key>
			<string>DBE8C3B018A20F5400E2B304</string>
			<key>productType</key>
			<string>com.apple.product-type.bundle.unit-test</string>
		</dict>
		<key>DBE8C3B018A20F5400E2B304</key>
		<dict>
			<key>explicitFileType</key>
			<string>wrapper.cfbundle</string>
			<key>includeInIndex</key>
			<string>0</string>
			<key>isa</key>
			<string>PBXFileReference</string>
			<key>path</key>
			<string>ColorPickerTests.xctest</string>
			<key>sourceTree</key>
			<string>BUILT_PRODUCTS_DIR</string>
		</dict>
		<key>DBE8C3B118A20F5400E2B304</key>
		<dict>
			<key>isa</key>
			<string>PBXFileReference</string>
			<key>lastKnownFileType</key>
			<string>wrapper.framework</string>
			<key>name</key>
			<string>XCTest.framework</string>
			<key>path</key>
			<string>Library/Frameworks/XCTest.framework</string>
			<key>sourceTree</key>
			<string>DEVELOPER_DIR</string>
		</dict>
		<key>DBE8C3B218A20F5400E2B304</key>
		<dict>
			<key>fileRef</key>
			<string>DBE8C3B118A20F5400E2B304</string>
			<key>isa</key>
			<string>PBXBuildFile</string>
		</dict>
		<key>DBE8C3B318A20F5400E2B304</key>
		<dict>
			<key>fileRef</key>
			<string>DBE8C39218A20F5400E2B304</string>
			<key>isa</key>
			<string>PBXBuildFile</string>
		</dict>
		<key>DBE8C3B418A20F5400E2B304</key>
		<dict>
			<key>fileRef</key>
			<string>DBE8C39618A20F5400E2B304</string>
			<key>isa</key>
			<string>PBXBuildFile</string>
		</dict>
		<key>DBE8C3B518A20F5400E2B304</key>
		<dict>
			<key>containerPortal</key>
			<string>DBE8C38718A20F5400E2B304</string>
			<key>isa</key>
			<string>PBXContainerItemProxy</string>
			<key>proxyType</key>
			<string>1</string>
			<key>remoteGlobalIDString</key>
			<string>DBE8C38E18A20F5400E2B304</string>
			<key>remoteInfo</key>
			<string>ColorPicker</string>
		</dict>
		<key>DBE8C3B618A20F5400E2B304</key>
		<dict>
			<key>isa</key>
			<string>PBXTargetDependency</string>
			<key>target</key>
			<string>DBE8C38E18A20F5400E2B304</string>
			<key>targetProxy</key>
			<string>DBE8C3B518A20F5400E2B304</string>
		</dict>
		<key>DBE8C3B718A20F5400E2B304</key>
		<dict>
			<key>children</key>
			<array>
				<string>DBE8C3BD18A20F5400E2B304</string>
				<string>DBE8C3B818A20F5400E2B304</string>
			</array>
			<key>isa</key>
			<string>PBXGroup</string>
			<key>path</key>
			<string>ColorPickerTests</string>
			<key>sourceTree</key>
			<string>&lt;group&gt;</string>
		</dict>
		<key>DBE8C3B818A20F5400E2B304</key>
		<dict>
			<key>children</key>
			<array>
				<string>DBE8C3B918A20F5400E2B304</string>
				<string>DBE8C3BA18A20F5400E2B304</string>
			</array>
			<key>isa</key>
			<string>PBXGroup</string>
			<key>name</key>
			<string>Supporting Files</string>
			<key>sourceTree</key>
			<string>&lt;group&gt;</string>
		</dict>
		<key>DBE8C3B918A20F5400E2B304</key>
		<dict>
			<key>isa</key>
			<string>PBXFileReference</string>
			<key>lastKnownFileType</key>
			<string>text.plist.xml</string>
			<key>path</key>
			<string>ColorPickerTests-Info.plist</string>
			<key>sourceTree</key>
			<string>&lt;group&gt;</string>
		</dict>
		<key>DBE8C3BA18A20F5400E2B304</key>
		<dict>
			<key>children</key>
			<array>
				<string>DBE8C3BB18A20F5400E2B304</string>
			</array>
			<key>isa</key>
			<string>PBXVariantGroup</string>
			<key>name</key>
			<string>InfoPlist.strings</string>
			<key>sourceTree</key>
			<string>&lt;group&gt;</string>
		</dict>
		<key>DBE8C3BB18A20F5400E2B304</key>
		<dict>
			<key>isa</key>
			<string>PBXFileReference</string>
			<key>lastKnownFileType</key>
			<string>text.plist.strings</string>
			<key>name</key>
			<string>en</string>
			<key>path</key>
			<string>en.lproj/InfoPlist.strings</string>
			<key>sourceTree</key>
			<string>&lt;group&gt;</string>
		</dict>
		<key>DBE8C3BC18A20F5400E2B304</key>
		<dict>
			<key>fileRef</key>
			<string>DBE8C3BA18A20F5400E2B304</string>
			<key>isa</key>
			<string>PBXBuildFile</string>
		</dict>
		<key>DBE8C3BD18A20F5400E2B304</key>
		<dict>
			<key>isa</key>
			<string>PBXFileReference</string>
			<key>lastKnownFileType</key>
			<string>sourcecode.c.objc</string>
			<key>path</key>
			<string>ColorPickerTests.m</string>
			<key>sourceTree</key>
			<string>&lt;group&gt;</string>
		</dict>
		<key>DBE8C3BE18A20F5400E2B304</key>
		<dict>
			<key>fileRef</key>
			<string>DBE8C3BD18A20F5400E2B304</string>
			<key>isa</key>
			<string>PBXBuildFile</string>
		</dict>
		<key>DBE8C3BF18A20F5400E2B304</key>
		<dict>
			<key>buildSettings</key>
			<dict>
				<key>ALWAYS_SEARCH_USER_PATHS</key>
				<string>NO</string>
				<key>ARCHS</key>
				<string>$(ARCHS_STANDARD_INCLUDING_64_BIT)</string>
				<key>CLANG_CXX_LANGUAGE_STANDARD</key>
				<string>gnu++0x</string>
				<key>CLANG_CXX_LIBRARY</key>
				<string>libc++</string>
				<key>CLANG_ENABLE_MODULES</key>
				<string>YES</string>
				<key>CLANG_ENABLE_OBJC_ARC</key>
				<string>YES</string>
				<key>CLANG_WARN_BOOL_CONVERSION</key>
				<string>YES</string>
				<key>CLANG_WARN_CONSTANT_CONVERSION</key>
				<string>YES</string>
				<key>CLANG_WARN_DIRECT_OBJC_ISA_USAGE</key>
				<string>YES_ERROR</string>
				<key>CLANG_WARN_EMPTY_BODY</key>
				<string>YES</string>
				<key>CLANG_WARN_ENUM_CONVERSION</key>
				<string>YES</string>
				<key>CLANG_WARN_INT_CONVERSION</key>
				<string>YES</string>
				<key>CLANG_WARN_OBJC_ROOT_CLASS</key>
				<string>YES_ERROR</string>
				<key>CLANG_WARN__DUPLICATE_METHOD_MATCH</key>
				<string>YES</string>
				<key>CODE_SIGN_IDENTITY[sdk=iphoneos*]</key>
				<string>iPhone Developer</string>
				<key>COPY_PHASE_STRIP</key>
				<string>NO</string>
				<key>GCC_C_LANGUAGE_STANDARD</key>
				<string>gnu99</string>
				<key>GCC_DYNAMIC_NO_PIC</key>
				<string>NO</string>
				<key>GCC_OPTIMIZATION_LEVEL</key>
				<string>0</string>
				<key>GCC_PREPROCESSOR_DEFINITIONS</key>
				<array>
					<string>DEBUG=1</string>
					<string>$(inherited)</string>
				</array>
				<key>GCC_SYMBOLS_PRIVATE_EXTERN</key>
				<string>NO</string>
				<key>GCC_WARN_64_TO_32_BIT_CONVERSION</key>
				<string>YES</string>
				<key>GCC_WARN_ABOUT_RETURN_TYPE</key>
				<string>YES_ERROR</string>
				<key>GCC_WARN_UNDECLARED_SELECTOR</key>
				<string>YES</string>
				<key>GCC_WARN_UNINITIALIZED_AUTOS</key>
				<string>YES</string>
				<key>GCC_WARN_UNUSED_FUNCTION</key>
				<string>YES</string>
				<key>GCC_WARN_UNUSED_VARIABLE</key>
				<string>YES</string>
				<key>IPHONEOS_DEPLOYMENT_TARGET</key>
				<string>7.0</string>
				<key>ONLY_ACTIVE_ARCH</key>
				<string>YES</string>
				<key>SDKROOT</key>
				<string>iphoneos</string>
			</dict>
			<key>isa</key>
			<string>XCBuildConfiguration</string>
			<key>name</key>
			<string>Debug</string>
		</dict>
		<key>DBE8C3C018A20F5400E2B304</key>
		<dict>
			<key>buildSettings</key>
			<dict>
				<key>ALWAYS_SEARCH_USER_PATHS</key>
				<string>NO</string>
				<key>ARCHS</key>
				<string>$(ARCHS_STANDARD_INCLUDING_64_BIT)</string>
				<key>CLANG_CXX_LANGUAGE_STANDARD</key>
				<string>gnu++0x</string>
				<key>CLANG_CXX_LIBRARY</key>
				<string>libc++</string>
				<key>CLANG_ENABLE_MODULES</key>
				<string>YES</string>
				<key>CLANG_ENABLE_OBJC_ARC</key>
				<string>YES</string>
				<key>CLANG_WARN_BOOL_CONVERSION</key>
				<string>YES</string>
				<key>CLANG_WARN_CONSTANT_CONVERSION</key>
				<string>YES</string>
				<key>CLANG_WARN_DIRECT_OBJC_ISA_USAGE</key>
				<string>YES_ERROR</string>
				<key>CLANG_WARN_EMPTY_BODY</key>
				<string>YES</string>
				<key>CLANG_WARN_ENUM_CONVERSION</key>
				<string>YES</string>
				<key>CLANG_WARN_INT_CONVERSION</key>
				<string>YES</string>
				<key>CLANG_WARN_OBJC_ROOT_CLASS</key>
				<string>YES_ERROR</string>
				<key>CLANG_WARN__DUPLICATE_METHOD_MATCH</key>
				<string>YES</string>
				<key>CODE_SIGN_IDENTITY[sdk=iphoneos*]</key>
				<string>iPhone Developer</string>
				<key>COPY_PHASE_STRIP</key>
				<string>YES</string>
				<key>ENABLE_NS_ASSERTIONS</key>
				<string>NO</string>
				<key>GCC_C_LANGUAGE_STANDARD</key>
				<string>gnu99</string>
				<key>GCC_WARN_64_TO_32_BIT_CONVERSION</key>
				<string>YES</string>
				<key>GCC_WARN_ABOUT_RETURN_TYPE</key>
				<string>YES_ERROR</string>
				<key>GCC_WARN_UNDECLARED_SELECTOR</key>
				<string>YES</string>
				<key>GCC_WARN_UNINITIALIZED_AUTOS</key>
				<string>YES</string>
				<key>GCC_WARN_UNUSED_FUNCTION</key>
				<string>YES</string>
				<key>GCC_WARN_UNUSED_VARIABLE</key>
				<string>YES</string>
				<key>IPHONEOS_DEPLOYMENT_TARGET</key>
				<string>7.0</string>
				<key>SDKROOT</key>
				<string>iphoneos</string>
				<key>VALIDATE_PRODUCT</key>
				<string>YES</string>
			</dict>
			<key>isa</key>
			<string>XCBuildConfiguration</string>
			<key>name</key>
			<string>Release</string>
		</dict>
		<key>DBE8C3C118A20F5400E2B304</key>
		<dict>
			<key>buildConfigurations</key>
			<array>
				<string>DBE8C3C218A20F5400E2B304</string>
				<string>DBE8C3C318A20F5400E2B304</string>
			</array>
			<key>defaultConfigurationIsVisible</key>
			<string>0</string>
			<key>defaultConfigurationName</key>
			<string>Release</string>
			<key>isa</key>
			<string>XCConfigurationList</string>
		</dict>
		<key>DBE8C3C218A20F5400E2B304</key>
		<dict>
			<key>baseConfigurationReference</key>
			<string>532F4D46D446485DBA593DD6</string>
			<key>buildSettings</key>
			<dict>
				<key>ASSETCATALOG_COMPILER_APPICON_NAME</key>
				<string>AppIcon</string>
				<key>ASSETCATALOG_COMPILER_LAUNCHIMAGE_NAME</key>
				<string>LaunchImage</string>
				<key>GCC_PRECOMPILE_PREFIX_HEADER</key>
				<string>YES</string>
				<key>GCC_PREFIX_HEADER</key>
				<string>ColorPicker/ColorPicker-Prefix.pch</string>
				<key>INFOPLIST_FILE</key>
				<string>ColorPicker/ColorPicker-Info.plist</string>
				<key>PRODUCT_NAME</key>
				<string>$(TARGET_NAME)</string>
				<key>WRAPPER_EXTENSION</key>
				<string>app</string>
			</dict>
			<key>isa</key>
			<string>XCBuildConfiguration</string>
			<key>name</key>
			<string>Debug</string>
		</dict>
		<key>DBE8C3C318A20F5400E2B304</key>
		<dict>
			<key>baseConfigurationReference</key>
			<string>532F4D46D446485DBA593DD6</string>
			<key>buildSettings</key>
			<dict>
				<key>ASSETCATALOG_COMPILER_APPICON_NAME</key>
				<string>AppIcon</string>
				<key>ASSETCATALOG_COMPILER_LAUNCHIMAGE_NAME</key>
				<string>LaunchImage</string>
				<key>GCC_PRECOMPILE_PREFIX_HEADER</key>
				<string>YES</string>
				<key>GCC_PREFIX_HEADER</key>
				<string>ColorPicker/ColorPicker-Prefix.pch</string>
				<key>INFOPLIST_FILE</key>
				<string>ColorPicker/ColorPicker-Info.plist</string>
				<key>PRODUCT_NAME</key>
				<string>$(TARGET_NAME)</string>
				<key>WRAPPER_EXTENSION</key>
				<string>app</string>
			</dict>
			<key>isa</key>
			<string>XCBuildConfiguration</string>
			<key>name</key>
			<string>Release</string>
		</dict>
		<key>DBE8C3C418A20F5400E2B304</key>
		<dict>
			<key>buildConfigurations</key>
			<array>
				<string>DBE8C3C518A20F5400E2B304</string>
				<string>DBE8C3C618A20F5400E2B304</string>
			</array>
			<key>defaultConfigurationIsVisible</key>
			<string>0</string>
			<key>defaultConfigurationName</key>
			<string>Release</string>
			<key>isa</key>
			<string>XCConfigurationList</string>
		</dict>
		<key>DBE8C3C518A20F5400E2B304</key>
		<dict>
			<key>buildSettings</key>
			<dict>
				<key>ARCHS</key>
				<string>$(ARCHS_STANDARD_INCLUDING_64_BIT)</string>
				<key>BUNDLE_LOADER</key>
				<string>$(BUILT_PRODUCTS_DIR)/ColorPicker.app/ColorPicker</string>
				<key>FRAMEWORK_SEARCH_PATHS</key>
				<array>
					<string>$(SDKROOT)/Developer/Library/Frameworks</string>
					<string>$(inherited)</string>
					<string>$(DEVELOPER_FRAMEWORKS_DIR)</string>
				</array>
				<key>GCC_PRECOMPILE_PREFIX_HEADER</key>
				<string>YES</string>
				<key>GCC_PREFIX_HEADER</key>
				<string>ColorPicker/ColorPicker-Prefix.pch</string>
				<key>GCC_PREPROCESSOR_DEFINITIONS</key>
				<array>
					<string>DEBUG=1</string>
					<string>$(inherited)</string>
				</array>
				<key>INFOPLIST_FILE</key>
				<string>ColorPickerTests/ColorPickerTests-Info.plist</string>
				<key>PRODUCT_NAME</key>
				<string>$(TARGET_NAME)</string>
				<key>TEST_HOST</key>
				<string>$(BUNDLE_LOADER)</string>
				<key>WRAPPER_EXTENSION</key>
				<string>xctest</string>
			</dict>
			<key>isa</key>
			<string>XCBuildConfiguration</string>
			<key>name</key>
			<string>Debug</string>
		</dict>
		<key>DBE8C3C618A20F5400E2B304</key>
		<dict>
			<key>buildSettings</key>
			<dict>
				<key>ARCHS</key>
				<string>$(ARCHS_STANDARD_INCLUDING_64_BIT)</string>
				<key>BUNDLE_LOADER</key>
				<string>$(BUILT_PRODUCTS_DIR)/ColorPicker.app/ColorPicker</string>
				<key>FRAMEWORK_SEARCH_PATHS</key>
				<array>
					<string>$(SDKROOT)/Developer/Library/Frameworks</string>
					<string>$(inherited)</string>
					<string>$(DEVELOPER_FRAMEWORKS_DIR)</string>
				</array>
				<key>GCC_PRECOMPILE_PREFIX_HEADER</key>
				<string>YES</string>
				<key>GCC_PREFIX_HEADER</key>
				<string>ColorPicker/ColorPicker-Prefix.pch</string>
				<key>INFOPLIST_FILE</key>
				<string>ColorPickerTests/ColorPickerTests-Info.plist</string>
				<key>PRODUCT_NAME</key>
				<string>$(TARGET_NAME)</string>
				<key>TEST_HOST</key>
				<string>$(BUNDLE_LOADER)</string>
				<key>WRAPPER_EXTENSION</key>
				<string>xctest</string>
			</dict>
			<key>isa</key>
			<string>XCBuildConfiguration</string>
			<key>name</key>
			<string>Release</string>
		</dict>
		<key>ECA1429469F24160A189FA16</key>
		<dict>
			<key>explicitFileType</key>
			<string>archive.ar</string>
			<key>includeInIndex</key>
			<string>0</string>
			<key>isa</key>
			<string>PBXFileReference</string>
			<key>path</key>
			<string>libPods.a</string>
			<key>sourceTree</key>
			<string>BUILT_PRODUCTS_DIR</string>
		</dict>
	</dict>
	<key>rootObject</key>
	<string>DBE8C38718A20F5400E2B304</string>
</dict>
</plist>
