<?xml version='1.0' encoding='UTF-8'?>
<Scheme LastUpgradeVersion="2700" version="1.3">
  <BuildAction parallelizeBuildables="YES" buildImplicitDependencies="YES">
    <BuildActionEntries>
      <BuildActionEntry buildForTesting="YES" buildForRunning="YES" buildForProfiling="YES" buildForArchiving="YES" buildForAnalyzing="YES">
        <BuildableReference BuildableIdentifier="primary" BlueprintIdentifier="D845FA2ECB327FE47A7566B1" BuildableName="TouchColor.app" BlueprintName="TouchColorWatch" ReferencedContainer="container:TouchColorWatch.xcodeproj" />
      </BuildActionEntry>
    </BuildActionEntries>
  </BuildAction>
  <TestAction buildConfiguration="Debug" selectedDebuggerIdentifier="Xcode.DebuggerFoundation.Debugger.LLDB" selectedLauncherIdentifier="Xcode.IDEFoundation.Launcher.LLDB" shouldUseLaunchSchemeArgsEnv="YES">
    <Testables>
      <TestableReference skipped="NO" parallelizable="NO">
        <BuildableReference BuildableIdentifier="primary" BlueprintIdentifier="7F764B628A312C1D9F0A743B" BuildableName="TouchColorWatchTests.xctest" BlueprintName="TouchColorWatchTests" ReferencedContainer="container:TouchColorWatch.xcodeproj" />
      </TestableReference>
      <TestableReference skipped="NO" parallelizable="NO">
        <BuildableReference BuildableIdentifier="primary" BlueprintIdentifier="BF0335F275EE9553F2319962" BuildableName="TouchColorWatchUITests.xctest" BlueprintName="TouchColorWatchUITests" ReferencedContainer="container:TouchColorWatch.xcodeproj" />
      </TestableReference>
    </Testables>
  </TestAction>
  <LaunchAction buildConfiguration="Debug" selectedDebuggerIdentifier="Xcode.DebuggerFoundation.Debugger.LLDB" selectedLauncherIdentifier="Xcode.IDEFoundation.Launcher.LLDB" launchStyle="0" useCustomWorkingDirectory="NO" ignoresPersistentStateOnLaunch="NO" debugDocumentVersioning="YES" debugServiceExtension="internal" allowLocationSimulation="NO">
    <BuildableProductRunnable runnableDebuggingMode="0">
      <BuildableReference BuildableIdentifier="primary" BlueprintIdentifier="D845FA2ECB327FE47A7566B1" BuildableName="TouchColor.app" BlueprintName="TouchColorWatch" ReferencedContainer="container:TouchColorWatch.xcodeproj" />
    </BuildableProductRunnable>
  </LaunchAction>
  <AnalyzeAction buildConfiguration="Debug" />
  <ArchiveAction buildConfiguration="Release" revealArchiveInOrganizer="YES" />
</Scheme>