// !$*UTF8*$!
{
	"archiveVersion" = 1;
	"classes" = {
	};
	"objectVersion" = 56;
	"objects" = {
		"5C9B4CB17DA651A66807148F" = {
			"isa" = "PBXFileReference";
			"lastKnownFileType" = "sourcecode.c.objc";
			"path" = "ColorPicker/main.m";
			"sourceTree" = "<group>";
		};
		"374F683CB591D99EF86EE5FB" = {
			"isa" = "PBXFileReference";
			"lastKnownFileType" = "sourcecode.c.objc";
			"path" = "ColorPicker/ColorAppDelegate.m";
			"sourceTree" = "<group>";
		};
		"D6B3A9BCCA54F277E4CDFE50" = {
			"isa" = "PBXFileReference";
			"lastKnownFileType" = "sourcecode.c.objc";
			"path" = "ColorPicker/ColorSceneDelegate.m";
			"sourceTree" = "<group>";
		};
		"CC6D6A2BDEB9F0D4CFA1CF29" = {
			"isa" = "PBXFileReference";
			"lastKnownFileType" = "sourcecode.c.objc";
			"path" = "ColorPicker/ColorMainViewController.m";
			"sourceTree" = "<group>";
		};
		"A0C442EE9134F716521A76B1" = {
			"isa" = "PBXFileReference";
			"lastKnownFileType" = "sourcecode.c.objc";
			"path" = "ColorPicker/ColorViewController.m";
			"sourceTree" = "<group>";
		};
		"97FF18FCAF3CAC843B5B4DD4" = {
			"isa" = "PBXFileReference";
			"lastKnownFileType" = "sourcecode.c.objc";
			"path" = "ColorPicker/ColorRealTimeViewController.m";
			"sourceTree" = "<group>";
		};
		"55EEFB361AA97FB153A0B2F8" = {
			"isa" = "PBXFileReference";
			"lastKnownFileType" = "sourcecode.c.objc";
			"path" = "ColorPicker/ColorDetectView.m";
			"sourceTree" = "<group>";
		};
		"5A9D047700301BF39C6890C5" = {
			"isa" = "PBXFileReference";
			"lastKnownFileType" = "sourcecode.c.objc";
			"path" = "ColorPicker/TCColorUtilities.m";
			"sourceTree" = "<group>";
		};
		"2BBE2D2EF0C5FA3175EA70E7" = {
			"isa" = "PBXFileReference";
			"lastKnownFileType" = "sourcecode.c.objc";
			"path" = "ColorPicker/TCPrivacyViewController.m";
			"sourceTree" = "<group>";
		};
		"02FAB1421C714C59D424B531" = {
			"isa" = "PBXFileReference";
			"lastKnownFileType" = "sourcecode.c.h";
			"path" = "ColorPicker/ColorAppDelegate.h";
			"sourceTree" = "<group>";
		};
		"1D473C91CABCAABC177E7C4D" = {
			"isa" = "PBXFileReference";
			"lastKnownFileType" = "sourcecode.c.h";
			"path" = "ColorPicker/ColorSceneDelegate.h";
			"sourceTree" = "<group>";
		};
		"B8B75C81122F2C805129B891" = {
			"isa" = "PBXFileReference";
			"lastKnownFileType" = "sourcecode.c.h";
			"path" = "ColorPicker/ColorMainViewController.h";
			"sourceTree" = "<group>";
		};
		"E8FE485D70B827F83FB079DA" = {
			"isa" = "PBXFileReference";
			"lastKnownFileType" = "sourcecode.c.h";
			"path" = "ColorPicker/ColorViewController.h";
			"sourceTree" = "<group>";
		};
		"495876BEB683AC2CA8F32603" = {
			"isa" = "PBXFileReference";
			"lastKnownFileType" = "sourcecode.c.h";
			"path" = "ColorPicker/ColorRealTimeViewController.h";
			"sourceTree" = "<group>";
		};
		"A41C62DEDF82F04D69E68A38" = {
			"isa" = "PBXFileReference";
			"lastKnownFileType" = "sourcecode.c.h";
			"path" = "ColorPicker/ColorDetectView.h";
			"sourceTree" = "<group>";
		};
		"7B234AC5D5A0118490570686" = {
			"isa" = "PBXFileReference";
			"lastKnownFileType" = "sourcecode.c.h";
			"path" = "ColorPicker/TCColorUtilities.h";
			"sourceTree" = "<group>";
		};
		"996A8D5B6D49BE9F408930A8" = {
			"isa" = "PBXFileReference";
			"lastKnownFileType" = "sourcecode.c.h";
			"path" = "ColorPicker/TCPrivacyViewController.h";
			"sourceTree" = "<group>";
		};
		"C7BB7C9A324E76F4F7677EC4" = {
			"isa" = "PBXFileReference";
			"lastKnownFileType" = "folder.assetcatalog";
			"path" = "ColorPicker/Images.xcassets";
			"sourceTree" = "<group>";
		};
		"CCA43E4E972E113B9044F674" = {
			"isa" = "PBXFileReference";
			"lastKnownFileType" = "text.xml";
			"path" = "ColorPicker/PrivacyInfo.xcprivacy";
			"sourceTree" = "<group>";
		};
		"D91C19058732842A7B163A1E" = {
			"isa" = "PBXFileReference";
			"lastKnownFileType" = "text.plist.strings";
			"name" = "en";
			"path" = "ColorPicker/en.lproj/Localizable.strings";
			"sourceTree" = "<group>";
		};
		"ED82C569E19F60576B1A5AF4" = {
			"isa" = "PBXFileReference";
			"lastKnownFileType" = "text.plist.strings";
			"name" = "zh-Hans";
			"path" = "ColorPicker/zh-Hans.lproj/Localizable.strings";
			"sourceTree" = "<group>";
		};
		"B4F9001FEF5406956D64F3DB" = {
			"isa" = "PBXVariantGroup";
			"children" = ("D91C19058732842A7B163A1E", "ED82C569E19F60576B1A5AF4");
			"name" = "Localizable.strings";
			"sourceTree" = "<group>";
		};
		"0CA5B955336EF6FE7C75E618" = {
			"isa" = "PBXFileReference";
			"lastKnownFileType" = "text.plist.strings";
			"name" = "en";
			"path" = "ColorPicker/en.lproj/InfoPlist.strings";
			"sourceTree" = "<group>";
		};
		"5AFD2C6864CDBEDB4B6119C1" = {
			"isa" = "PBXFileReference";
			"lastKnownFileType" = "text.plist.strings";
			"name" = "zh-Hans";
			"path" = "ColorPicker/zh-Hans.lproj/InfoPlist.strings";
			"sourceTree" = "<group>";
		};
		"81C7B96EA3173C0C3B4C8FDC" = {
			"isa" = "PBXVariantGroup";
			"children" = ("0CA5B955336EF6FE7C75E618", "5AFD2C6864CDBEDB4B6119C1");
			"name" = "InfoPlist.strings";
			"sourceTree" = "<group>";
		};
		"A8A66D709EE838446D40F356" = {
			"isa" = "PBXFileReference";
			"lastKnownFileType" = "sourcecode.c.objc";
			"path" = "ColorPickerTests/ColorPickerTests.m";
			"sourceTree" = "<group>";
		};
		"B1B87DF04909BEECFAD8F8AE" = {
			"isa" = "PBXFileReference";
			"lastKnownFileType" = "sourcecode.c.objc";
			"path" = "TouchColorUITests/TouchColorUITests.m";
			"sourceTree" = "<group>";
		};
		"E2DA99D6C36EF7752754DE79" = {
			"isa" = "PBXFileReference";
			"explicitFileType" = "wrapper.application";
			"includeInIndex" = 0;
			"path" = "TouchColor.app";
			"sourceTree" = "BUILT_PRODUCTS_DIR";
		};
		"324C53EF819878B291608D7E" = {
			"isa" = "PBXBuildFile";
			"fileRef" = "5C9B4CB17DA651A66807148F";
		};
		"2951653FAEBBE90FCC1921CD" = {
			"isa" = "PBXBuildFile";
			"fileRef" = "374F683CB591D99EF86EE5FB";
		};
		"8E58800FE0CEB3181DF0A17A" = {
			"isa" = "PBXBuildFile";
			"fileRef" = "D6B3A9BCCA54F277E4CDFE50";
		};
		"C872978F9F06EB4B05197B74" = {
			"isa" = "PBXBuildFile";
			"fileRef" = "CC6D6A2BDEB9F0D4CFA1CF29";
		};
		"6D4D883B7CDE3898C2300824" = {
			"isa" = "PBXBuildFile";
			"fileRef" = "A0C442EE9134F716521A76B1";
		};
		"553B9B71C181CA2AA5F4CB19" = {
			"isa" = "PBXBuildFile";
			"fileRef" = "97FF18FCAF3CAC843B5B4DD4";
		};
		"5351A57A10839571785CCD6B" = {
			"isa" = "PBXBuildFile";
			"fileRef" = "55EEFB361AA97FB153A0B2F8";
		};
		"097A59CDF21A0D0CA203A3B8" = {
			"isa" = "PBXBuildFile";
			"fileRef" = "5A9D047700301BF39C6890C5";
		};
		"C7F01807F6BE27E39C112B2E" = {
			"isa" = "PBXBuildFile";
			"fileRef" = "2BBE2D2EF0C5FA3175EA70E7";
		};
		"B84F7ABBAC217FF64008621A" = {
			"isa" = "PBXSourcesBuildPhase";
			"buildActionMask" = 2147483647;
			"files" = ("324C53EF819878B291608D7E", "2951653FAEBBE90FCC1921CD", "8E58800FE0CEB3181DF0A17A", "C872978F9F06EB4B05197B74", "6D4D883B7CDE3898C2300824", "553B9B71C181CA2AA5F4CB19", "5351A57A10839571785CCD6B", "097A59CDF21A0D0CA203A3B8", "C7F01807F6BE27E39C112B2E");
			"runOnlyForDeploymentPostprocessing" = 0;
		};
		"7DA4B1CF044F98AEA1B82AE9" = {
			"isa" = "PBXFrameworksBuildPhase";
			"buildActionMask" = 2147483647;
			"files" = ();
			"runOnlyForDeploymentPostprocessing" = 0;
		};
		"97D3B9096FE1825B56D15D17" = {
			"isa" = "PBXBuildFile";
			"fileRef" = "C7BB7C9A324E76F4F7677EC4";
		};
		"D16EA8DA531751257681C77E" = {
			"isa" = "PBXBuildFile";
			"fileRef" = "CCA43E4E972E113B9044F674";
		};
		"0A68BF60A4C62B98EDB2D93C" = {
			"isa" = "PBXBuildFile";
			"fileRef" = "B4F9001FEF5406956D64F3DB";
		};
		"B9FC0A85A4D769708E6B53BE" = {
			"isa" = "PBXBuildFile";
			"fileRef" = "81C7B96EA3173C0C3B4C8FDC";
		};
		"6E12DB3887CFAEACD15210F5" = {
			"isa" = "PBXResourcesBuildPhase";
			"buildActionMask" = 2147483647;
			"files" = ("97D3B9096FE1825B56D15D17", "D16EA8DA531751257681C77E", "0A68BF60A4C62B98EDB2D93C", "B9FC0A85A4D769708E6B53BE");
			"runOnlyForDeploymentPostprocessing" = 0;
		};
		"406BC2EB95BC82701739980C" = {
			"isa" = "XCBuildConfiguration";
			"name" = "Debug";
			"buildSettings" = {
				"PRODUCT_NAME" = "$(TARGET_NAME)";
				"PRODUCT_BUNDLE_IDENTIFIER" = "com.mango.touchColor";
				"CODE_SIGN_STYLE" = "Automatic";
				"HEADER_SEARCH_PATHS" = ("$(inherited)", "$(SRCROOT)/ColorPicker");
				"LD_RUNPATH_SEARCH_PATHS" = ("$(inherited)", "@executable_path/Frameworks", "@loader_path/Frameworks");
				"INFOPLIST_FILE" = "ColorPicker/TouchColor-Info.plist";
				"ASSETCATALOG_COMPILER_APPICON_NAME" = "AppIcon";
				"MARKETING_VERSION" = "2.0";
				"CURRENT_PROJECT_VERSION" = "20001";
			};
		};
		"A99B6CFF75F5D10CB8E474BB" = {
			"isa" = "XCBuildConfiguration";
			"name" = "Release";
			"buildSettings" = {
				"PRODUCT_NAME" = "$(TARGET_NAME)";
				"PRODUCT_BUNDLE_IDENTIFIER" = "com.mango.touchColor";
				"CODE_SIGN_STYLE" = "Automatic";
				"HEADER_SEARCH_PATHS" = ("$(inherited)", "$(SRCROOT)/ColorPicker");
				"LD_RUNPATH_SEARCH_PATHS" = ("$(inherited)", "@executable_path/Frameworks", "@loader_path/Frameworks");
				"INFOPLIST_FILE" = "ColorPicker/TouchColor-Info.plist";
				"ASSETCATALOG_COMPILER_APPICON_NAME" = "AppIcon";
				"MARKETING_VERSION" = "2.0";
				"CURRENT_PROJECT_VERSION" = "20001";
			};
		};
		"04F01B8289EB942BB736631B" = {
			"isa" = "XCConfigurationList";
			"buildConfigurations" = ("406BC2EB95BC82701739980C", "A99B6CFF75F5D10CB8E474BB");
			"defaultConfigurationIsVisible" = 0;
			"defaultConfigurationName" = "Release";
		};
		"6FF0BCA2D35564AB5BB057F8" = {
			"isa" = "PBXNativeTarget";
			"buildConfigurationList" = "04F01B8289EB942BB736631B";
			"buildPhases" = ("B84F7ABBAC217FF64008621A", "7DA4B1CF044F98AEA1B82AE9", "6E12DB3887CFAEACD15210F5");
			"buildRules" = ();
			"dependencies" = ();
			"name" = "TouchColor";
			"productName" = "TouchColor";
			"productReference" = "E2DA99D6C36EF7752754DE79";
			"productType" = "com.apple.product-type.application";
		};
		"AF859344275CE0F435567143" = {
			"isa" = "PBXFileReference";
			"explicitFileType" = "wrapper.cfbundle";
			"includeInIndex" = 0;
			"path" = "TouchColorTests.xctest";
			"sourceTree" = "BUILT_PRODUCTS_DIR";
		};
		"1CB08A7A694E701476D1528B" = {
			"isa" = "PBXBuildFile";
			"fileRef" = "A8A66D709EE838446D40F356";
		};
		"30E643D3BBECBF4E75895F95" = {
			"isa" = "PBXSourcesBuildPhase";
			"buildActionMask" = 2147483647;
			"files" = ("1CB08A7A694E701476D1528B");
			"runOnlyForDeploymentPostprocessing" = 0;
		};
		"AE60333604A964B08B0B6F14" = {
			"isa" = "PBXFrameworksBuildPhase";
			"buildActionMask" = 2147483647;
			"files" = ();
			"runOnlyForDeploymentPostprocessing" = 0;
		};
		"F35AB2637920A3D7155FE512" = {
			"isa" = "PBXResourcesBuildPhase";
			"buildActionMask" = 2147483647;
			"files" = ();
			"runOnlyForDeploymentPostprocessing" = 0;
		};
		"CD12C66F8CED2FBD40AC3BEC" = {
			"isa" = "PBXContainerItemProxy";
			"containerPortal" = "F6F4DA8D93E88A08220E03B7";
			"proxyType" = 1;
			"remoteGlobalIDString" = "6FF0BCA2D35564AB5BB057F8";
			"remoteInfo" = "TouchColor";
		};
		"3216260BDA3078407AA310B5" = {
			"isa" = "PBXTargetDependency";
			"target" = "6FF0BCA2D35564AB5BB057F8";
			"targetProxy" = "CD12C66F8CED2FBD40AC3BEC";
		};
		"138B5BF11B7E02044B3CB5D7" = {
			"isa" = "XCBuildConfiguration";
			"name" = "Debug";
			"buildSettings" = {
				"PRODUCT_NAME" = "$(TARGET_NAME)";
				"PRODUCT_BUNDLE_IDENTIFIER" = "com.mango.touchColor.TouchColorTests";
				"CODE_SIGN_STYLE" = "Automatic";
				"HEADER_SEARCH_PATHS" = ("$(inherited)", "$(SRCROOT)/ColorPicker");
				"LD_RUNPATH_SEARCH_PATHS" = ("$(inherited)", "@executable_path/Frameworks", "@loader_path/Frameworks");
				"GENERATE_INFOPLIST_FILE" = "YES";
				"IPHONEOS_DEPLOYMENT_TARGET" = "17.0";
				"TEST_HOST" = "$(BUILT_PRODUCTS_DIR)/TouchColor.app/TouchColor";
				"BUNDLE_LOADER" = "$(TEST_HOST)";
			};
		};
		"4A048B35667CD305E6775222" = {
			"isa" = "XCBuildConfiguration";
			"name" = "Release";
			"buildSettings" = {
				"PRODUCT_NAME" = "$(TARGET_NAME)";
				"PRODUCT_BUNDLE_IDENTIFIER" = "com.mango.touchColor.TouchColorTests";
				"CODE_SIGN_STYLE" = "Automatic";
				"HEADER_SEARCH_PATHS" = ("$(inherited)", "$(SRCROOT)/ColorPicker");
				"LD_RUNPATH_SEARCH_PATHS" = ("$(inherited)", "@executable_path/Frameworks", "@loader_path/Frameworks");
				"GENERATE_INFOPLIST_FILE" = "YES";
				"IPHONEOS_DEPLOYMENT_TARGET" = "17.0";
				"TEST_HOST" = "$(BUILT_PRODUCTS_DIR)/TouchColor.app/TouchColor";
				"BUNDLE_LOADER" = "$(TEST_HOST)";
			};
		};
		"B85AF722D833C009A015DF50" = {
			"isa" = "XCConfigurationList";
			"buildConfigurations" = ("138B5BF11B7E02044B3CB5D7", "4A048B35667CD305E6775222");
			"defaultConfigurationIsVisible" = 0;
			"defaultConfigurationName" = "Release";
		};
		"EE3B64DE770A998D1E013B66" = {
			"isa" = "PBXNativeTarget";
			"buildConfigurationList" = "B85AF722D833C009A015DF50";
			"buildPhases" = ("30E643D3BBECBF4E75895F95", "AE60333604A964B08B0B6F14", "F35AB2637920A3D7155FE512");
			"buildRules" = ();
			"dependencies" = ("3216260BDA3078407AA310B5");
			"name" = "TouchColorTests";
			"productName" = "TouchColorTests";
			"productReference" = "AF859344275CE0F435567143";
			"productType" = "com.apple.product-type.bundle.unit-test";
		};
		"6FDA5DA01202231DE6F91423" = {
			"isa" = "PBXFileReference";
			"explicitFileType" = "wrapper.cfbundle";
			"includeInIndex" = 0;
			"path" = "TouchColorUITests.xctest";
			"sourceTree" = "BUILT_PRODUCTS_DIR";
		};
		"4B055AFA249CBF01CC24252D" = {
			"isa" = "PBXBuildFile";
			"fileRef" = "B1B87DF04909BEECFAD8F8AE";
		};
		"5F5D43F25AFAD83907AFF0ED" = {
			"isa" = "PBXSourcesBuildPhase";
			"buildActionMask" = 2147483647;
			"files" = ("4B055AFA249CBF01CC24252D");
			"runOnlyForDeploymentPostprocessing" = 0;
		};
		"5A45CEC47F7DBDDC2C4C5002" = {
			"isa" = "PBXFrameworksBuildPhase";
			"buildActionMask" = 2147483647;
			"files" = ();
			"runOnlyForDeploymentPostprocessing" = 0;
		};
		"AA5EFE52A33B1D85BA11FB73" = {
			"isa" = "PBXResourcesBuildPhase";
			"buildActionMask" = 2147483647;
			"files" = ();
			"runOnlyForDeploymentPostprocessing" = 0;
		};
		"BE67484FC2CBC5BDAD1FFFF4" = {
			"isa" = "PBXContainerItemProxy";
			"containerPortal" = "F6F4DA8D93E88A08220E03B7";
			"proxyType" = 1;
			"remoteGlobalIDString" = "6FF0BCA2D35564AB5BB057F8";
			"remoteInfo" = "TouchColor";
		};
		"0BF073B1902427F5C3872B4C" = {
			"isa" = "PBXTargetDependency";
			"target" = "6FF0BCA2D35564AB5BB057F8";
			"targetProxy" = "BE67484FC2CBC5BDAD1FFFF4";
		};
		"E8BE132E1459C1581AA0FD0C" = {
			"isa" = "XCBuildConfiguration";
			"name" = "Debug";
			"buildSettings" = {
				"PRODUCT_NAME" = "$(TARGET_NAME)";
				"PRODUCT_BUNDLE_IDENTIFIER" = "com.mango.touchColor.TouchColorUITests";
				"CODE_SIGN_STYLE" = "Automatic";
				"HEADER_SEARCH_PATHS" = ("$(inherited)", "$(SRCROOT)/ColorPicker");
				"LD_RUNPATH_SEARCH_PATHS" = ("$(inherited)", "@executable_path/Frameworks", "@loader_path/Frameworks");
				"GENERATE_INFOPLIST_FILE" = "YES";
				"IPHONEOS_DEPLOYMENT_TARGET" = "17.0";
				"TEST_TARGET_NAME" = "TouchColor";
			};
		};
		"04A5226DDA50E2930EAB5DE9" = {
			"isa" = "XCBuildConfiguration";
			"name" = "Release";
			"buildSettings" = {
				"PRODUCT_NAME" = "$(TARGET_NAME)";
				"PRODUCT_BUNDLE_IDENTIFIER" = "com.mango.touchColor.TouchColorUITests";
				"CODE_SIGN_STYLE" = "Automatic";
				"HEADER_SEARCH_PATHS" = ("$(inherited)", "$(SRCROOT)/ColorPicker");
				"LD_RUNPATH_SEARCH_PATHS" = ("$(inherited)", "@executable_path/Frameworks", "@loader_path/Frameworks");
				"GENERATE_INFOPLIST_FILE" = "YES";
				"IPHONEOS_DEPLOYMENT_TARGET" = "17.0";
				"TEST_TARGET_NAME" = "TouchColor";
			};
		};
		"34FC8244617D97826ACC248F" = {
			"isa" = "XCConfigurationList";
			"buildConfigurations" = ("E8BE132E1459C1581AA0FD0C", "04A5226DDA50E2930EAB5DE9");
			"defaultConfigurationIsVisible" = 0;
			"defaultConfigurationName" = "Release";
		};
		"EF8D4CDBA41FBC0E8FEEE899" = {
			"isa" = "PBXNativeTarget";
			"buildConfigurationList" = "34FC8244617D97826ACC248F";
			"buildPhases" = ("5F5D43F25AFAD83907AFF0ED", "5A45CEC47F7DBDDC2C4C5002", "AA5EFE52A33B1D85BA11FB73");
			"buildRules" = ();
			"dependencies" = ("0BF073B1902427F5C3872B4C");
			"name" = "TouchColorUITests";
			"productName" = "TouchColorUITests";
			"productReference" = "6FDA5DA01202231DE6F91423";
			"productType" = "com.apple.product-type.bundle.ui-testing";
		};
		"FE0A091FDBFB3E9C31B7A1BD" = {
			"isa" = "PBXGroup";
			"children" = ("E2DA99D6C36EF7752754DE79", "AF859344275CE0F435567143", "6FDA5DA01202231DE6F91423");
			"name" = "Products";
			"sourceTree" = "<group>";
		};
		"749A6AB1E7384F29F0DFE33C" = {
			"isa" = "PBXFileReference";
			"lastKnownFileType" = "text.plist.xml";
			"path" = "ColorPicker/TouchColor-Info.plist";
			"sourceTree" = "<group>";
		};
		"2EB2D8158FC6EF9EB19CB439" = {
			"isa" = "PBXGroup";
			"children" = ("5C9B4CB17DA651A66807148F", "374F683CB591D99EF86EE5FB", "D6B3A9BCCA54F277E4CDFE50", "CC6D6A2BDEB9F0D4CFA1CF29", "A0C442EE9134F716521A76B1", "97FF18FCAF3CAC843B5B4DD4", "55EEFB361AA97FB153A0B2F8", "5A9D047700301BF39C6890C5", "2BBE2D2EF0C5FA3175EA70E7", "02FAB1421C714C59D424B531", "1D473C91CABCAABC177E7C4D", "B8B75C81122F2C805129B891", "E8FE485D70B827F83FB079DA", "495876BEB683AC2CA8F32603", "A41C62DEDF82F04D69E68A38", "7B234AC5D5A0118490570686", "996A8D5B6D49BE9F408930A8", "C7BB7C9A324E76F4F7677EC4", "CCA43E4E972E113B9044F674", "B4F9001FEF5406956D64F3DB", "81C7B96EA3173C0C3B4C8FDC", "A8A66D709EE838446D40F356", "B1B87DF04909BEECFAD8F8AE", "749A6AB1E7384F29F0DFE33C", "FE0A091FDBFB3E9C31B7A1BD");
			"sourceTree" = "<group>";
		};
		"BFD315016DE16320F7E2120C" = {
			"isa" = "XCBuildConfiguration";
			"name" = "Debug";
			"buildSettings" = {
				"ALWAYS_SEARCH_USER_PATHS" = "NO";
				"CLANG_ENABLE_MODULES" = "YES";
				"CLANG_ENABLE_OBJC_ARC" = "YES";
				"CLANG_WARN_BOOL_CONVERSION" = "YES";
				"CLANG_WARN_CONSTANT_CONVERSION" = "YES";
				"CLANG_WARN_ENUM_CONVERSION" = "YES";
				"CLANG_WARN_INT_CONVERSION" = "YES";
				"CLANG_WARN_OBJC_ROOT_CLASS" = "YES_ERROR";
				"GCC_C_LANGUAGE_STANDARD" = "gnu17";
				"GCC_WARN_ABOUT_RETURN_TYPE" = "YES_ERROR";
				"GCC_WARN_UNINITIALIZED_AUTOS" = "YES";
				"GCC_WARN_UNUSED_VARIABLE" = "YES";
				"IPHONEOS_DEPLOYMENT_TARGET" = "15.0";
				"SDKROOT" = "iphoneos";
				"TARGETED_DEVICE_FAMILY" = "1";
				"SUPPORTED_PLATFORMS" = "iphoneos iphonesimulator";
				"SUPPORTS_MACCATALYST" = "NO";
				"ENABLE_USER_SCRIPT_SANDBOXING" = "YES";
				"GCC_OPTIMIZATION_LEVEL" = "0";
				"GCC_PREPROCESSOR_DEFINITIONS" = ("$(inherited)", "DEBUG=1");
				"ENABLE_TESTABILITY" = "YES";
				"DEBUG_INFORMATION_FORMAT" = "dwarf";
			};
		};
		"1D8C0C6B1D22EA8C7669B263" = {
			"isa" = "XCBuildConfiguration";
			"name" = "Release";
			"buildSettings" = {
				"ALWAYS_SEARCH_USER_PATHS" = "NO";
				"CLANG_ENABLE_MODULES" = "YES";
				"CLANG_ENABLE_OBJC_ARC" = "YES";
				"CLANG_WARN_BOOL_CONVERSION" = "YES";
				"CLANG_WARN_CONSTANT_CONVERSION" = "YES";
				"CLANG_WARN_ENUM_CONVERSION" = "YES";
				"CLANG_WARN_INT_CONVERSION" = "YES";
				"CLANG_WARN_OBJC_ROOT_CLASS" = "YES_ERROR";
				"GCC_C_LANGUAGE_STANDARD" = "gnu17";
				"GCC_WARN_ABOUT_RETURN_TYPE" = "YES_ERROR";
				"GCC_WARN_UNINITIALIZED_AUTOS" = "YES";
				"GCC_WARN_UNUSED_VARIABLE" = "YES";
				"IPHONEOS_DEPLOYMENT_TARGET" = "15.0";
				"SDKROOT" = "iphoneos";
				"TARGETED_DEVICE_FAMILY" = "1";
				"SUPPORTED_PLATFORMS" = "iphoneos iphonesimulator";
				"SUPPORTS_MACCATALYST" = "NO";
				"ENABLE_USER_SCRIPT_SANDBOXING" = "YES";
				"GCC_OPTIMIZATION_LEVEL" = "s";
				"GCC_PREPROCESSOR_DEFINITIONS" = ("$(inherited)");
				"ENABLE_TESTABILITY" = "NO";
				"DEBUG_INFORMATION_FORMAT" = "dwarf-with-dsym";
			};
		};
		"128D1971520EF7E0088A5374" = {
			"isa" = "XCConfigurationList";
			"buildConfigurations" = ("BFD315016DE16320F7E2120C", "1D8C0C6B1D22EA8C7669B263");
			"defaultConfigurationIsVisible" = 0;
			"defaultConfigurationName" = "Release";
		};
		"F6F4DA8D93E88A08220E03B7" = {
			"isa" = "PBXProject";
			"attributes" = {
				"LastUpgradeCheck" = "2700";
				"TargetAttributes" = {
					"EE3B64DE770A998D1E013B66" = {
						"TestTargetID" = "6FF0BCA2D35564AB5BB057F8";
					};
					"EF8D4CDBA41FBC0E8FEEE899" = {
						"TestTargetID" = "6FF0BCA2D35564AB5BB057F8";
					};
				};
			};
			"buildConfigurationList" = "128D1971520EF7E0088A5374";
			"compatibilityVersion" = "Xcode 14.0";
			"developmentRegion" = "en";
			"hasScannedForEncodings" = 0;
			"knownRegions" = ("en", "zh-Hans", "Base");
			"mainGroup" = "2EB2D8158FC6EF9EB19CB439";
			"productRefGroup" = "FE0A091FDBFB3E9C31B7A1BD";
			"projectDirPath" = "";
			"projectRoot" = "";
			"targets" = ("6FF0BCA2D35564AB5BB057F8", "EE3B64DE770A998D1E013B66", "EF8D4CDBA41FBC0E8FEEE899");
		};
	};
	"rootObject" = "F6F4DA8D93E88A08220E03B7";
}
