<?xml version='1.0' encoding='UTF-8'?>
<Scheme LastUpgradeVersion="2700" version="1.3">
  <BuildAction parallelizeBuildables="YES" buildImplicitDependencies="YES">
    <BuildActionEntries>
      <BuildActionEntry buildForTesting="YES" buildForRunning="YES" buildForProfiling="YES" buildForArchiving="YES" buildForAnalyzing="YES">
        <BuildableReference BuildableIdentifier="primary" BlueprintIdentifier="2B65ACE81ADB061E8115DE64" BuildableName="TouchColor.app" BlueprintName="TouchColorVision" ReferencedContainer="container:TouchColorVision.xcodeproj" />
      </BuildActionEntry>
    </BuildActionEntries>
  </BuildAction>
  <TestAction buildConfiguration="Debug" selectedDebuggerIdentifier="Xcode.DebuggerFoundation.Debugger.LLDB" selectedLauncherIdentifier="Xcode.IDEFoundation.Launcher.LLDB" shouldUseLaunchSchemeArgsEnv="YES">
    <Testables>
      <TestableReference skipped="NO" parallelizable="NO">
        <BuildableReference BuildableIdentifier="primary" BlueprintIdentifier="CC1BCC421456853E7E270D63" BuildableName="TouchColorVisionTests.xctest" BlueprintName="TouchColorVisionTests" ReferencedContainer="container:TouchColorVision.xcodeproj" />
      </TestableReference>
      <TestableReference skipped="NO" parallelizable="NO">
        <BuildableReference BuildableIdentifier="primary" BlueprintIdentifier="511AC0B8AF23EEA732669B3D" BuildableName="TouchColorVisionUITests.xctest" BlueprintName="TouchColorVisionUITests" ReferencedContainer="container:TouchColorVision.xcodeproj" />
      </TestableReference>
    </Testables>
  </TestAction>
  <LaunchAction buildConfiguration="Debug" selectedDebuggerIdentifier="Xcode.DebuggerFoundation.Debugger.LLDB" selectedLauncherIdentifier="Xcode.IDEFoundation.Launcher.LLDB" launchStyle="0" useCustomWorkingDirectory="NO" ignoresPersistentStateOnLaunch="NO" debugDocumentVersioning="YES" debugServiceExtension="internal" allowLocationSimulation="NO">
    <BuildableProductRunnable runnableDebuggingMode="0">
      <BuildableReference BuildableIdentifier="primary" BlueprintIdentifier="2B65ACE81ADB061E8115DE64" BuildableName="TouchColor.app" BlueprintName="TouchColorVision" ReferencedContainer="container:TouchColorVision.xcodeproj" />
    </BuildableProductRunnable>
  </LaunchAction>
  <AnalyzeAction buildConfiguration="Debug" />
  <ArchiveAction buildConfiguration="Release" revealArchiveInOrganizer="YES" />
</Scheme>