// !$*UTF8*$!
{
	"archiveVersion" = 1;
	"classes" = {
	};
	"objectVersion" = 56;
	"objects" = {
		"07F6CEB079543ABF8AC49C9E" = {
			"isa" = "PBXFileReference";
			"lastKnownFileType" = "sourcecode.swift";
			"path" = "TouchColorWatchCrownControl/StaticCrownControlApp.swift";
			"sourceTree" = "<group>";
		};
		"2C4163E4D3831BFB4FC2CD92" = {
			"isa" = "PBXFileReference";
			"lastKnownFileType" = "sourcecode.swift";
			"path" = "TouchColorWatchCrownControlUITests/WatchStaticCrownControlTests.swift";
			"sourceTree" = "<group>";
		};
		"BAFBF6670C31709DE77DAE8A" = {
			"isa" = "PBXFileReference";
			"lastKnownFileType" = "sourcecode.c.h";
			"path" = "TouchColorWatchCrownControlUITests/TCStaticListGeometry.h";
			"sourceTree" = "<group>";
		};
		"F6FDB18A1B473FE8852C95BC" = {
			"isa" = "PBXFileReference";
			"explicitFileType" = "wrapper.application";
			"includeInIndex" = 0;
			"path" = "TouchColorWatchCrownControl.app";
			"sourceTree" = "BUILT_PRODUCTS_DIR";
		};
		"C5D40421173AA1E7DC9B8783" = {
			"isa" = "XCBuildConfiguration";
			"name" = "Debug";
			"buildSettings" = {
				"PRODUCT_NAME" = "$(TARGET_NAME)";
				"PRODUCT_MODULE_NAME" = "TouchColorWatchCrownControl";
				"PRODUCT_BUNDLE_IDENTIFIER" = "com.mango.touchColor.watchCrownControl";
				"GENERATE_INFOPLIST_FILE" = "YES";
				"WATCHOS_DEPLOYMENT_TARGET" = "10.0";
				"SDKROOT" = "watchos";
				"SUPPORTED_PLATFORMS" = "watchos watchsimulator";
				"TARGETED_DEVICE_FAMILY" = "4";
				"SUPPORTS_MACCATALYST" = "NO";
				"SWIFT_VERSION" = "5.0";
				"CLANG_ENABLE_MODULES" = "YES";
				"CODE_SIGN_STYLE" = "Automatic";
				"CODE_SIGNING_ALLOWED" = "NO";
				"SKIP_INSTALL" = "YES";
				"LD_RUNPATH_SEARCH_PATHS" = ("$(inherited)", "@executable_path/Frameworks", "@loader_path/Frameworks");
				"INFOPLIST_KEY_CFBundleDisplayName" = "Crown Control";
				"INFOPLIST_KEY_WKApplication" = "YES";
				"INFOPLIST_KEY_WKWatchOnly" = "YES";
				"INFOPLIST_KEY_WKRunsIndependentlyOfCompanionApp" = "YES";
				"MARKETING_VERSION" = "1.0";
				"CURRENT_PROJECT_VERSION" = "1";
				"SWIFT_ACTIVE_COMPILATION_CONDITIONS" = "DEBUG";
				"ENABLE_TESTABILITY" = "YES";
				"ONLY_ACTIVE_ARCH" = "YES";
				"SWIFT_OPTIMIZATION_LEVEL" = "-Onone";
				"DEBUG_INFORMATION_FORMAT" = "dwarf";
			};
		};
		"46EFBCE9893581EDE0FD30A9" = {
			"isa" = "XCConfigurationList";
			"buildConfigurations" = ("C5D40421173AA1E7DC9B8783");
			"defaultConfigurationIsVisible" = 0;
			"defaultConfigurationName" = "Debug";
		};
		"52EF3F6DC47EFFB04B204EC7" = {
			"isa" = "PBXBuildFile";
			"fileRef" = "07F6CEB079543ABF8AC49C9E";
		};
		"518036FA730E9495000663F7" = {
			"isa" = "PBXSourcesBuildPhase";
			"buildActionMask" = 2147483647;
			"files" = ("52EF3F6DC47EFFB04B204EC7");
			"runOnlyForDeploymentPostprocessing" = 0;
		};
		"81121A76A96338F2BFC5E624" = {
			"isa" = "PBXFrameworksBuildPhase";
			"buildActionMask" = 2147483647;
			"files" = ();
			"runOnlyForDeploymentPostprocessing" = 0;
		};
		"255E5177B52F1C1E37820266" = {
			"isa" = "PBXResourcesBuildPhase";
			"buildActionMask" = 2147483647;
			"files" = ();
			"runOnlyForDeploymentPostprocessing" = 0;
		};
		"55F9C2C880C67ACE0B3D6B96" = {
			"isa" = "PBXNativeTarget";
			"buildConfigurationList" = "46EFBCE9893581EDE0FD30A9";
			"buildPhases" = ("518036FA730E9495000663F7", "81121A76A96338F2BFC5E624", "255E5177B52F1C1E37820266");
			"buildRules" = ();
			"dependencies" = ();
			"name" = "TouchColorWatchCrownControl";
			"productName" = "TouchColorWatchCrownControl";
			"productReference" = "F6FDB18A1B473FE8852C95BC";
			"productType" = "com.apple.product-type.application";
		};
		"78C4B3E8442C2B979EE5D253" = {
			"isa" = "PBXFileReference";
			"explicitFileType" = "wrapper.cfbundle";
			"includeInIndex" = 0;
			"path" = "TouchColorWatchCrownControlUITests.xctest";
			"sourceTree" = "BUILT_PRODUCTS_DIR";
		};
		"3023A964B58756FA91ECF5C5" = {
			"isa" = "PBXContainerItemProxy";
			"containerPortal" = "7893A996F8B42C8FFC93E770";
			"proxyType" = 1;
			"remoteGlobalIDString" = "55F9C2C880C67ACE0B3D6B96";
			"remoteInfo" = "TouchColorWatchCrownControl";
		};
		"6DC9BC762748D5421AB7DE4E" = {
			"isa" = "PBXTargetDependency";
			"target" = "55F9C2C880C67ACE0B3D6B96";
			"targetProxy" = "3023A964B58756FA91ECF5C5";
		};
		"C51EFA2D8353F86B88D98D75" = {
			"isa" = "XCBuildConfiguration";
			"name" = "Debug";
			"buildSettings" = {
				"PRODUCT_NAME" = "$(TARGET_NAME)";
				"PRODUCT_MODULE_NAME" = "TouchColorWatchCrownControlUITests";
				"PRODUCT_BUNDLE_IDENTIFIER" = "com.mango.touchColor.watchCrownControl.uitests";
				"GENERATE_INFOPLIST_FILE" = "YES";
				"WATCHOS_DEPLOYMENT_TARGET" = "10.0";
				"SDKROOT" = "watchos";
				"SUPPORTED_PLATFORMS" = "watchos watchsimulator";
				"TARGETED_DEVICE_FAMILY" = "4";
				"SUPPORTS_MACCATALYST" = "NO";
				"SWIFT_VERSION" = "5.0";
				"CLANG_ENABLE_MODULES" = "YES";
				"CODE_SIGN_STYLE" = "Automatic";
				"CODE_SIGNING_ALLOWED" = "NO";
				"SKIP_INSTALL" = "YES";
				"LD_RUNPATH_SEARCH_PATHS" = ("$(inherited)", "@executable_path/Frameworks", "@loader_path/Frameworks");
				"TEST_TARGET_NAME" = "TouchColorWatchCrownControl";
				"SWIFT_OBJC_BRIDGING_HEADER" = "TouchColorWatchCrownControlUITests/TCStaticListGeometry.h";
				"SWIFT_ACTIVE_COMPILATION_CONDITIONS" = "DEBUG";
				"ENABLE_TESTABILITY" = "YES";
				"ONLY_ACTIVE_ARCH" = "YES";
				"SWIFT_OPTIMIZATION_LEVEL" = "-Onone";
				"DEBUG_INFORMATION_FORMAT" = "dwarf";
			};
		};
		"CC03C4CCA64ECC5E533798E2" = {
			"isa" = "XCConfigurationList";
			"buildConfigurations" = ("C51EFA2D8353F86B88D98D75");
			"defaultConfigurationIsVisible" = 0;
			"defaultConfigurationName" = "Debug";
		};
		"CB11D12303D0B1A41D83254A" = {
			"isa" = "PBXBuildFile";
			"fileRef" = "2C4163E4D3831BFB4FC2CD92";
		};
		"AA82C2E1F1CF38E94F8C1CBD" = {
			"isa" = "PBXSourcesBuildPhase";
			"buildActionMask" = 2147483647;
			"files" = ("CB11D12303D0B1A41D83254A");
			"runOnlyForDeploymentPostprocessing" = 0;
		};
		"6C464AB810AECA1884F2F349" = {
			"isa" = "PBXFrameworksBuildPhase";
			"buildActionMask" = 2147483647;
			"files" = ();
			"runOnlyForDeploymentPostprocessing" = 0;
		};
		"2C9BE4C9B28B37167199EC18" = {
			"isa" = "PBXResourcesBuildPhase";
			"buildActionMask" = 2147483647;
			"files" = ();
			"runOnlyForDeploymentPostprocessing" = 0;
		};
		"BD42C01D23F34318D2613D56" = {
			"isa" = "PBXNativeTarget";
			"buildConfigurationList" = "CC03C4CCA64ECC5E533798E2";
			"buildPhases" = ("AA82C2E1F1CF38E94F8C1CBD", "6C464AB810AECA1884F2F349", "2C9BE4C9B28B37167199EC18");
			"buildRules" = ();
			"dependencies" = ("6DC9BC762748D5421AB7DE4E");
			"name" = "TouchColorWatchCrownControlUITests";
			"productName" = "TouchColorWatchCrownControlUITests";
			"productReference" = "78C4B3E8442C2B979EE5D253";
			"productType" = "com.apple.product-type.bundle.ui-testing";
		};
		"E5B8E44FB43E6B176D9806C0" = {
			"isa" = "PBXGroup";
			"children" = ("F6FDB18A1B473FE8852C95BC", "78C4B3E8442C2B979EE5D253");
			"name" = "Products";
			"sourceTree" = "<group>";
		};
		"B8B799A3802B25D1CDB862E8" = {
			"isa" = "PBXGroup";
			"children" = ("07F6CEB079543ABF8AC49C9E", "2C4163E4D3831BFB4FC2CD92", "BAFBF6670C31709DE77DAE8A", "E5B8E44FB43E6B176D9806C0");
			"sourceTree" = "<group>";
		};
		"7BC1B73ED5E24AA5479D94FB" = {
			"isa" = "XCBuildConfiguration";
			"name" = "Debug";
			"buildSettings" = {
				"SWIFT_VERSION" = "5.0";
				"WATCHOS_DEPLOYMENT_TARGET" = "10.0";
				"SDKROOT" = "watchos";
				"CLANG_ENABLE_MODULES" = "YES";
				"CLANG_ENABLE_OBJC_ARC" = "YES";
				"GCC_C_LANGUAGE_STANDARD" = "gnu17";
				"ENABLE_USER_SCRIPT_SANDBOXING" = "YES";
				"SWIFT_ACTIVE_COMPILATION_CONDITIONS" = "DEBUG";
				"ENABLE_TESTABILITY" = "YES";
				"ONLY_ACTIVE_ARCH" = "YES";
				"SWIFT_OPTIMIZATION_LEVEL" = "-Onone";
				"DEBUG_INFORMATION_FORMAT" = "dwarf";
			};
		};
		"FFD32FF3863893F58C15D69B" = {
			"isa" = "XCConfigurationList";
			"buildConfigurations" = ("7BC1B73ED5E24AA5479D94FB");
			"defaultConfigurationIsVisible" = 0;
			"defaultConfigurationName" = "Debug";
		};
		"7893A996F8B42C8FFC93E770" = {
			"isa" = "PBXProject";
			"attributes" = {
				"LastUpgradeCheck" = "2700";
				"TargetAttributes" = {
					"BD42C01D23F34318D2613D56" = {
						"TestTargetID" = "55F9C2C880C67ACE0B3D6B96";
					};
				};
			};
			"buildConfigurationList" = "FFD32FF3863893F58C15D69B";
			"compatibilityVersion" = "Xcode 14.0";
			"developmentRegion" = "en";
			"hasScannedForEncodings" = 0;
			"knownRegions" = ("en", "Base");
			"mainGroup" = "B8B799A3802B25D1CDB862E8";
			"productRefGroup" = "E5B8E44FB43E6B176D9806C0";
			"projectDirPath" = "";
			"projectRoot" = "";
			"targets" = ("55F9C2C880C67ACE0B3D6B96", "BD42C01D23F34318D2613D56");
		};
	};
	"rootObject" = "7893A996F8B42C8FFC93E770";
}
